// !$*UTF8*$!
{
	archiveVersion = 1;
	classes = {
	};
	objectVersion = 46;
	objects = {

/* Begin PBXBuildFile section */
		9EC3DD931C33DBB500C98419 /* main.m in Sources */ = {isa = PBXBuildFile; fileRef = 9EC3DD921C33DBB500C98419 /* main.m */; };
		9EC3DD961C33DBB500C98419 /* AppDelegate.m in Sources */ = {isa = PBXBuildFile; fileRef = 9EC3DD951C33DBB500C98419 /* AppDelegate.m */; };
		9EC3DD991C33DBB500C98419 /* ViewController.m in Sources */ = {isa = PBXBuildFile; fileRef = 9EC3DD981C33DBB500C98419 /* ViewController.m */; };
		9EC3DD9C1C33DBB500C98419 /* Main.storyboard in Resources */ = {isa = PBXBuildFile; fileRef = 9EC3DD9A1C33DBB500C98419 /* Main.storyboard */; };
		9EC3DD9E1C33DBB500C98419 /* Assets.xcassets in Resources */ = {isa = PBXBuildFile; fileRef = 9EC3DD9D1C33DBB500C98419 /* Assets.xcassets */; };
		9EC3DDA11C33DBB500C98419 /* LaunchScreen.storyboard in Resources */ = {isa = PBXBuildFile; fileRef = 9EC3DD9F1C33DBB500C98419 /* LaunchScreen.storyboard */; };
		9EC3DDAC1C33DBB500C98419 /* TableViewEditDemoTests.m in Sources */ = {isa = PBXBuildFile; fileRef = 9EC3DDAB1C33DBB500C98419 /* TableViewEditDemoTests.m */; };
		9EC3DDB71C33DBB600C98419 /* TableViewEditDemoUITests.m in Sources */ = {isa = PBXBuildFile; fileRef = 9EC3DDB61C33DBB600C98419 /* TableViewEditDemoUITests.m */; };
		9EEFCE801C340F6300608582 /* MyTableViewCell.m in Sources */ = {isa = PBXBuildFile; fileRef = 9EEFCE7F1C340F6300608582 /* MyTableViewCell.m */; };
		9EEFCE831C343EE400608582 /* select.png in Resources */ = {isa = PBXBuildFile; fileRef = 9EEFCE811C343EE400608582 /* select.png */; };
		9EEFCE841C343EE400608582 /* unselect.png in Resources */ = {isa = PBXBuildFile; fileRef = 9EEFCE821C343EE400608582 /* unselect.png */; };
/* End PBXBuildFile section */

/* Begin PBXContainerItemProxy section */
		9EC3DDA81C33DBB500C98419 /* PBXContainerItemProxy */ = {
			isa = PBXContainerItemProxy;
			containerPortal = 9EC3DD861C33DBB500C98419 /* Project object */;
			proxyType = 1;
			remoteGlobalIDString = 9EC3DD8D1C33DBB500C98419;
			remoteInfo = TableViewEditDemo;
		};
		9EC3DDB31C33DBB600C98419 /* PBXContainerItemProxy */ = {
			isa = PBXContainerItemProxy;
			containerPortal = 9EC3DD861C33DBB500C98419 /* Project object */;
			proxyType = 1;
			remoteGlobalIDString = 9EC3DD8D1C33DBB500C98419;
			remoteInfo = TableViewEditDemo;
		};
/* End PBXContainerItemProxy section */

/* Begin PBXFileReference section */
		9EC3DD8E1C33DBB500C98419 /* TableViewEditDemo.app */ = {isa = PBXFileReference; explicitFileType = wrapper.application; includeInIndex = 0; path = TableViewEditDemo.app; sourceTree = BUILT_PRODUCTS_DIR; };
		9EC3DD921C33DBB500C98419 /* main.m */ = {isa = PBXFileReference; lastKnownFileType = sourcecode.c.objc; path = main.m; sourceTree = "<group>"; };
		9EC3DD941C33DBB500C98419 /* AppDelegate.h */ = {isa = PBXFileReference; lastKnownFileType = sourcecode.c.h; path = AppDelegate.h; sourceTree = "<group>"; };
		9EC3DD951C33DBB500C98419 /* AppDelegate.m */ = {isa = PBXFileReference; lastKnownFileType = sourcecode.c.objc; path = AppDelegate.m; sourceTree = "<group>"; };
		9EC3DD971C33DBB500C98419 /* ViewController.h */ = {isa = PBXFileReference; lastKnownFileType = sourcecode.c.h; path = ViewController.h; sourceTree = "<group>"; };
		9EC3DD981C33DBB500C98419 /* ViewController.m */ = {isa = PBXFileReference; lastKnownFileType = sourcecode.c.objc; path = ViewController.m; sourceTree = "<group>"; };
		9EC3DD9B1C33DBB500C98419 /* Base */ = {isa = PBXFileReference; lastKnownFileType = file.storyboard; name = Base; path = Base.lproj/Main.storyboard; sourceTree = "<group>"; };
		9EC3DD9D1C33DBB500C98419 /* Assets.xcassets */ = {isa = PBXFileReference; lastKnownFileType = folder.assetcatalog; path = Assets.xcassets; sourceTree = "<group>"; };
		9EC3DDA01C33DBB500C98419 /* Base */ = {isa = PBXFileReference; lastKnownFileType = file.storyboard; name = Base; path = Base.lproj/LaunchScreen.storyboard; sourceTree = "<group>"; };
		9EC3DDA21C33DBB500C98419 /* Info.plist */ = {isa = PBXFileReference; lastKnownFileType = text.plist.xml; path = Info.plist; sourceTree = "<group>"; };
		9EC3DDA71C33DBB500C98419 /* TableViewEditDemoTests.xctest */ = {isa = PBXFileReference; explicitFileType = wrapper.cfbundle; includeInIndex = 0; path = TableViewEditDemoTests.xctest; sourceTree = BUILT_PRODUCTS_DIR; };
		9EC3DDAB1C33DBB500C98419 /* TableViewEditDemoTests.m */ = {isa = PBXFileReference; lastKnownFileType = sourcecode.c.objc; path = TableViewEditDemoTests.m; sourceTree = "<group>"; };
		9EC3DDAD1C33DBB500C98419 /* Info.plist */ = {isa = PBXFileReference; lastKnownFileType = text.plist.xml; path = Info.plist; sourceTree = "<group>"; };
		9EC3DDB21C33DBB600C98419 /* TableViewEditDemoUITests.xctest */ = {isa = PBXFileReference; explicitFileType = wrapper.cfbundle; includeInIndex = 0; path = TableViewEditDemoUITests.xctest; sourceTree = BUILT_PRODUCTS_DIR; };
		9EC3DDB61C33DBB600C98419 /* TableViewEditDemoUITests.m */ = {isa = PBXFileReference; lastKnownFileType = sourcecode.c.objc; path = TableViewEditDemoUITests.m; sourceTree = "<group>"; };
		9EC3DDB81C33DBB600C98419 /* Info.plist */ = {isa = PBXFileReference; lastKnownFileType = text.plist.xml; path = Info.plist; sourceTree = "<group>"; };
		9EEFCE7E1C340F6300608582 /* MyTableViewCell.h */ = {isa = PBXFileReference; fileEncoding = 4; lastKnownFileType = sourcecode.c.h; path = MyTableViewCell.h; sourceTree = "<group>"; };
		9EEFCE7F1C340F6300608582 /* MyTableViewCell.m */ = {isa = PBXFileReference; fileEncoding = 4; lastKnownFileType = sourcecode.c.objc; path = MyTableViewCell.m; sourceTree = "<group>"; };
		9EEFCE811C343EE400608582 /* select.png */ = {isa = PBXFileReference; lastKnownFileType = image.png; path = select.png; sourceTree = "<group>"; };
		9EEFCE821C343EE400608582 /* unselect.png */ = {isa = PBXFileReference; lastKnownFileType = image.png; path = unselect.png; sourceTree = "<group>"; };
/* End PBXFileReference section */

/* Begin PBXFrameworksBuildPhase section */
		9EC3DD8B1C33DBB500C98419 /* Frameworks */ = {
			isa = PBXFrameworksBuildPhase;
			buildActionMask = 2147483647;
			files = (
			);
			runOnlyForDeploymentPostprocessing = 0;
		};
		9EC3DDA41C33DBB500C98419 /* Frameworks */ = {
			isa = PBXFrameworksBuildPhase;
			buildActionMask = 2147483647;
			files = (
			);
			runOnlyForDeploymentPostprocessing = 0;
		};
		9EC3DDAF1C33DBB600C98419 /* Frameworks */ = {
			isa = PBXFrameworksBuildPhase;
			buildActionMask = 2147483647;
			files = (
			);
			runOnlyForDeploymentPostprocessing = 0;
		};
/* End PBXFrameworksBuildPhase section */

/* Begin PBXGroup section */
		9EC3DD851C33DBB500C98419 = {
			isa = PBXGroup;
			children = (
				9EC3DD901C33DBB500C98419 /* TableViewEditDemo */,
				9EC3DDAA1C33DBB500C98419 /* TableViewEditDemoTests */,
				9EC3DDB51C33DBB600C98419 /* TableViewEditDemoUITests */,
				9EC3DD8F1C33DBB500C98419 /* Products */,
			);
			sourceTree = "<group>";
		};
		9EC3DD8F1C33DBB500C98419 /* Products */ = {
			isa = PBXGroup;
			children = (
				9EC3DD8E1C33DBB500C98419 /* TableViewEditDemo.app */,
				9EC3DDA71C33DBB500C98419 /* TableViewEditDemoTests.xctest */,
				9EC3DDB21C33DBB600C98419 /* TableViewEditDemoUITests.xctest */,
			);
			name = Products;
			sourceTree = "<group>";
		};
		9EC3DD901C33DBB500C98419 /* TableViewEditDemo */ = {
			isa = PBXGroup;
			children = (
				9EC3DD941C33DBB500C98419 /* AppDelegate.h */,
				9EC3DD951C33DBB500C98419 /* AppDelegate.m */,
				9EC3DD971C33DBB500C98419 /* ViewController.h */,
				9EC3DD981C33DBB500C98419 /* ViewController.m */,
				9EEFCE7E1C340F6300608582 /* MyTableViewCell.h */,
				9EEFCE7F1C340F6300608582 /* MyTableViewCell.m */,
				9EEFCE811C343EE400608582 /* select.png */,
				9EEFCE821C343EE400608582 /* unselect.png */,
				9EC3DD9A1C33DBB500C98419 /* Main.storyboard */,
				9EC3DD9D1C33DBB500C98419 /* Assets.xcassets */,
				9EC3DD9F1C33DBB500C98419 /* LaunchScreen.storyboard */,
				9EC3DDA21C33DBB500C98419 /* Info.plist */,
				9EC3DD911C33DBB500C98419 /* Supporting Files */,
			);
			path = TableViewEditDemo;
			sourceTree = "<group>";
		};
		9EC3DD911C33DBB500C98419 /* Supporting Files */ = {
			isa = PBXGroup;
			children = (
				9EC3DD921C33DBB500C98419 /* main.m */,
			);
			name = "Supporting Files";
			sourceTree = "<group>";
		};
		9EC3DDAA1C33DBB500C98419 /* TableViewEditDemoTests */ = {
			isa = PBXGroup;
			children = (
				9EC3DDAB1C33DBB500C98419 /* TableViewEditDemoTests.m */,
				9EC3DDAD1C33DBB500C98419 /* Info.plist */,
			);
			path = TableViewEditDemoTests;
			sourceTree = "<group>";
		};
		9EC3DDB51C33DBB600C98419 /* TableViewEditDemoUITests */ = {
			isa = PBXGroup;
			children = (
				9EC3DDB61C33DBB600C98419 /* TableViewEditDemoUITests.m */,
				9EC3DDB81C33DBB600C98419 /* Info.plist */,
			);
			path = TableViewEditDemoUITests;
			sourceTree = "<group>";
		};
/* End PBXGroup section */

/* Begin PBXNativeTarget section */
		9EC3DD8D1C33DBB500C98419 /* TableViewEditDemo */ = {
			isa = PBXNativeTarget;
			buildConfigurationList = 9EC3DDBB1C33DBB600C98419 /* Build configuration list for PBXNativeTarget "TableViewEditDemo" */;
			buildPhases = (
				9EC3DD8A1C33DBB500C98419 /* Sources */,
				9EC3DD8B1C33DBB500C98419 /* Frameworks */,
				9EC3DD8C1C33DBB500C98419 /* Resources */,
			);
			buildRules = (
			);
			dependencies = (
			);
			name = TableViewEditDemo;
			productName = TableViewEditDemo;
			productReference = 9EC3DD8E1C33DBB500C98419 /* TableViewEditDemo.app */;
			productType = "com.apple.product-type.application";
		};
		9EC3DDA61C33DBB500C98419 /* TableViewEditDemoTests */ = {
			isa = PBXNativeTarget;
			buildConfigurationList = 9EC3DDBE1C33DBB600C98419 /* Build configuration list for PBXNativeTarget "TableViewEditDemoTests" */;
			buildPhases = (
				9EC3DDA31C33DBB500C98419 /* Sources */,
				9EC3DDA41C33DBB500C98419 /* Frameworks */,
				9EC3DDA51C33DBB500C98419 /* Resources */,
			);
			buildRules = (
			);
			dependencies = (
				9EC3DDA91C33DBB500C98419 /* PBXTargetDependency */,
			);
			name = TableViewEditDemoTests;
			productName = TableViewEditDemoTests;
			productReference = 9EC3DDA71C33DBB500C98419 /* TableViewEditDemoTests.xctest */;
			productType = "com.apple.product-type.bundle.unit-test";
		};
		9EC3DDB11C33DBB600C98419 /* TableViewEditDemoUITests */ = {
			isa = PBXNativeTarget;
			buildConfigurationList = 9EC3DDC11C33DBB600C98419 /* Build configuration list for PBXNativeTarget "TableViewEditDemoUITests" */;
			buildPhases = (
				9EC3DDAE1C33DBB600C98419 /* Sources */,
				9EC3DDAF1C33DBB600C98419 /* Frameworks */,
				9EC3DDB01C33DBB600C98419 /* Resources */,
			);
			buildRules = (
			);
			dependencies = (
				9EC3DDB41C33DBB600C98419 /* PBXTargetDependency */,
			);
			name = TableViewEditDemoUITests;
			productName = TableViewEditDemoUITests;
			productReference = 9EC3DDB21C33DBB600C98419 /* TableViewEditDemoUITests.xctest */;
			productType = "com.apple.product-type.bundle.ui-testing";
		};
/* End PBXNativeTarget section */

/* Begin PBXProject section */
		9EC3DD861C33DBB500C98419 /* Project object */ = {
			isa = PBXProject;
			attributes = {
				LastUpgradeCheck = 0720;
				ORGANIZATIONNAME = cloudnapps.com;
				TargetAttributes = {
					9EC3DD8D1C33DBB500C98419 = {
						CreatedOnToolsVersion = 7.2;
					};
					9EC3DDA61C33DBB500C98419 = {
						CreatedOnToolsVersion = 7.2;
						TestTargetID = 9EC3DD8D1C33DBB500C98419;
					};
					9EC3DDB11C33DBB600C98419 = {
						CreatedOnToolsVersion = 7.2;
						TestTargetID = 9EC3DD8D1C33DBB500C98419;
					};
				};
			};
			buildConfigurationList = 9EC3DD891C33DBB500C98419 /* Build configuration list for PBXProject "TableViewEditDemo" */;
			compatibilityVersion = "Xcode 3.2";
			developmentRegion = English;
			hasScannedForEncodings = 0;
			knownRegions = (
				en,
				Base,
			);
			mainGroup = 9EC3DD851C33DBB500C98419;
			productRefGroup = 9EC3DD8F1C33DBB500C98419 /* Products */;
			projectDirPath = "";
			projectRoot = "";
			targets = (
				9EC3DD8D1C33DBB500C98419 /* TableViewEditDemo */,
				9EC3DDA61C33DBB500C98419 /* TableViewEditDemoTests */,
				9EC3DDB11C33DBB600C98419 /* TableViewEditDemoUITests */,
			);
		};
/* End PBXProject section */

/* Begin PBXResourcesBuildPhase section */
		9EC3DD8C1C33DBB500C98419 /* Resources */ = {
			isa = PBXResourcesBuildPhase;
			buildActionMask = 2147483647;
			files = (
				9EEFCE841C343EE400608582 /* unselect.png in Resources */,
				9EC3DDA11C33DBB500C98419 /* LaunchScreen.storyboard in Resources */,
				9EC3DD9E1C33DBB500C98419 /* Assets.xcassets in Resources */,
				9EEFCE831C343EE400608582 /* select.png in Resources */,
				9EC3DD9C1C33DBB500C98419 /* Main.storyboard in Resources */,
			);
			runOnlyForDeploymentPostprocessing = 0;
		};
		9EC3DDA51C33DBB500C98419 /* Resources */ = {
			isa = PBXResourcesBuildPhase;
			buildActionMask = 2147483647;
			files = (
			);
			runOnlyForDeploymentPostprocessing = 0;
		};
		9EC3DDB01C33DBB600C98419 /* Resources */ = {
			isa = PBXResourcesBuildPhase;
			buildActionMask = 2147483647;
			files = (
			);
			runOnlyForDeploymentPostprocessing = 0;
		};
/* End PBXResourcesBuildPhase section */

/* Begin PBXSourcesBuildPhase section */
		9EC3DD8A1C33DBB500C98419 /* Sources */ = {
			isa = PBXSourcesBuildPhase;
			buildActionMask = 2147483647;
			files = (
				9EC3DD991C33DBB500C98419 /* ViewController.m in Sources */,
				9EEFCE801C340F6300608582 /* MyTableViewCell.m in Sources */,
				9EC3DD961C33DBB500C98419 /* AppDelegate.m in Sources */,
				9EC3DD931C33DBB500C98419 /* main.m in Sources */,
			);
			runOnlyForDeploymentPostprocessing = 0;
		};
		9EC3DDA31C33DBB500C98419 /* Sources */ = {
			isa = PBXSourcesBuildPhase;
			buildActionMask = 2147483647;
			files = (
				9EC3DDAC1C33DBB500C98419 /* TableViewEditDemoTests.m in Sources */,
			);
			runOnlyForDeploymentPostprocessing = 0;
		};
		9EC3DDAE1C33DBB600C98419 /* Sources */ = {
			isa = PBXSourcesBuildPhase;
			buildActionMask = 2147483647;
			files = (
				9EC3DDB71C33DBB600C98419 /* TableViewEditDemoUITests.m in Sources */,
			);
			runOnlyForDeploymentPostprocessing = 0;
		};
/* End PBXSourcesBuildPhase section */

/* Begin PBXTargetDependency section */
		9EC3DDA91C33DBB500C98419 /* PBXTargetDependency */ = {
			isa = PBXTargetDependency;
			target = 9EC3DD8D1C33DBB500C98419 /* TableViewEditDemo */;
			targetProxy = 9EC3DDA81C33DBB500C98419 /* PBXContainerItemProxy */;
		};
		9EC3DDB41C33DBB600C98419 /* PBXTargetDependency */ = {
			isa = PBXTargetDependency;
			target = 9EC3DD8D1C33DBB500C98419 /* TableViewEditDemo */;
			targetProxy = 9EC3DDB31C33DBB600C98419 /* PBXContainerItemProxy */;
		};
/* End PBXTargetDependency section */

/* Begin PBXVariantGroup section */
		9EC3DD9A1C33DBB500C98419 /* Main.storyboard */ = {
			isa = PBXVariantGroup;
			children = (
				9EC3DD9B1C33DBB500C98419 /* Base */,
			);
			name = Main.storyboard;
			sourceTree = "<group>";
		};
		9EC3DD9F1C33DBB500C98419 /* LaunchScreen.storyboard */ = {
			isa = PBXVariantGroup;
			children = (
				9EC3DDA01C33DBB500C98419 /* Base */,
			);
			name = LaunchScreen.storyboard;
			sourceTree = "<group>";
		};
/* End PBXVariantGroup section */

/* Begin XCBuildConfiguration section */
		9EC3DDB91C33DBB600C98419 /* Debug */ = {
			isa = XCBuildConfiguration;
			buildSettings = {
				ALWAYS_SEARCH_USER_PATHS = NO;
				CLANG_CXX_LANGUAGE_STANDARD = "gnu++0x";
				CLANG_CXX_LIBRARY = "libc++";
				CLANG_ENABLE_MODULES = YES;
				CLANG_ENABLE_OBJC_ARC = YES;
				CLANG_WARN_BOOL_CONVERSION = YES;
				CLANG_WARN_CONSTANT_CONVERSION = YES;
				CLANG_WARN_DIRECT_OBJC_ISA_USAGE = YES_ERROR;
				CLANG_WARN_EMPTY_BODY = YES;
				CLANG_WARN_ENUM_CONVERSION = YES;
				CLANG_WARN_INT_CONVERSION = YES;
				CLANG_WARN_OBJC_ROOT_CLASS = YES_ERROR;
				CLANG_WARN_UNREACHABLE_CODE = YES;
				CLANG_WARN__DUPLICATE_METHOD_MATCH = YES;
				"CODE_SIGN_IDENTITY[sdk=iphoneos*]" = "iPhone Developer";
				COPY_PHASE_STRIP = NO;
				DEBUG_INFORMATION_FORMAT = dwarf;
				ENABLE_STRICT_OBJC_MSGSEND = YES;
				ENABLE_TESTABILITY = YES;
				GCC_C_LANGUAGE_STANDARD = gnu99;
				GCC_DYNAMIC_NO_PIC = NO;
				GCC_NO_COMMON_BLOCKS = YES;
				GCC_OPTIMIZATION_LEVEL = 0;
				GCC_PREPROCESSOR_DEFINITIONS = (
					"DEBUG=1",
					"$(inherited)",
				);
				GCC_WARN_64_TO_32_BIT_CONVERSION = YES;
				GCC_WARN_ABOUT_RETURN_TYPE = YES_ERROR;
				GCC_WARN_UNDECLARED_SELECTOR = YES;
				GCC_WARN_UNINITIALIZED_AUTOS = YES_AGGRESSIVE;
				GCC_WARN_UNUSED_FUNCTION = YES;
				GCC_WARN_UNUSED_VARIABLE = YES;
				IPHONEOS_DEPLOYMENT_TARGET = 9.2;
				MTL_ENABLE_DEBUG_INFO = YES;
				ONLY_ACTIVE_ARCH = YES;
				SDKROOT = iphoneos;
			};
			name = Debug;
		};
		9EC3DDBA1C33DBB600C98419 /* Release */ = {
			isa = XCBuildConfiguration;
			buildSettings = {
				ALWAYS_SEARCH_USER_PATHS = NO;
				CLANG_CXX_LANGUAGE_STANDARD = "gnu++0x";
				CLANG_CXX_LIBRARY = "libc++";
				CLANG_ENABLE_MODULES = YES;
				CLANG_ENABLE_OBJC_ARC = YES;
				CLANG_WARN_BOOL_CONVERSION = YES;
				CLANG_WARN_CONSTANT_CONVERSION = YES;
				CLANG_WARN_DIRECT_OBJC_ISA_USAGE = YES_ERROR;
				CLANG_WARN_EMPTY_BODY = YES;
				CLANG_WARN_ENUM_CONVERSION = YES;
				CLANG_WARN_INT_CONVERSION = YES;
				CLANG_WARN_OBJC_ROOT_CLASS = YES_ERROR;
				CLANG_WARN_UNREACHABLE_CODE = YES;
				CLANG_WARN__DUPLICATE_METHOD_MATCH = YES;
				"CODE_SIGN_IDENTITY[sdk=iphoneos*]" = "iPhone Developer";
				COPY_PHASE_STRIP = NO;
				DEBUG_INFORMATION_FORMAT = "dwarf-with-dsym";
				ENABLE_NS_ASSERTIONS = NO;
				ENABLE_STRICT_OBJC_MSGSEND = YES;
				GCC_C_LANGUAGE_STANDARD = gnu99;
				GCC_NO_COMMON_BLOCKS = YES;
				GCC_WARN_64_TO_32_BIT_CONVERSION = YES;
				GCC_WARN_ABOUT_RETURN_TYPE = YES_ERROR;
				GCC_WARN_UNDECLARED_SELECTOR = YES;
				GCC_WARN_UNINITIALIZED_AUTOS = YES_AGGRESSIVE;
				GCC_WARN_UNUSED_FUNCTION = YES;
				GCC_WARN_UNUSED_VARIABLE = YES;
				IPHONEOS_DEPLOYMENT_TARGET = 9.2;
				MTL_ENABLE_DEBUG_INFO = NO;
				SDKROOT = iphoneos;
				VALIDATE_PRODUCT = YES;
			};
			name = Release;
		};
		9EC3DDBC1C33DBB600C98419 /* Debug */ = {
			isa = XCBuildConfiguration;
			buildSettings = {
				ASSETCATALOG_COMPILER_APPICON_NAME = AppIcon;
				INFOPLIST_FILE = TableViewEditDemo/Info.plist;
				LD_RUNPATH_SEARCH_PATHS = "$(inherited) @executable_path/Frameworks";
				PRODUCT_BUNDLE_IDENTIFIER = Charlotte.TableViewEditDemo;
				PRODUCT_NAME = "$(TARGET_NAME)";
			};
			name = Debug;
		};
		9EC3DDBD1C33DBB600C98419 /* Release */ = {
			isa = XCBuildConfiguration;
			buildSettings = {
				ASSETCATALOG_COMPILER_APPICON_NAME = AppIcon;
				INFOPLIST_FILE = TableViewEditDemo/Info.plist;
				LD_RUNPATH_SEARCH_PATHS = "$(inherited) @executable_path/Frameworks";
				PRODUCT_BUNDLE_IDENTIFIER = Charlotte.TableViewEditDemo;
				PRODUCT_NAME = "$(TARGET_NAME)";
			};
			name = Release;
		};
		9EC3DDBF1C33DBB600C98419 /* Debug */ = {
			isa = XCBuildConfiguration;
			buildSettings = {
				BUNDLE_LOADER = "$(TEST_HOST)";
				INFOPLIST_FILE = TableViewEditDemoTests/Info.plist;
				LD_RUNPATH_SEARCH_PATHS = "$(inherited) @executable_path/Frameworks @loader_path/Frameworks";
				PRODUCT_BUNDLE_IDENTIFIER = Charlotte.TableViewEditDemoTests;
				PRODUCT_NAME = "$(TARGET_NAME)";
				TEST_HOST = "$(BUILT_PRODUCTS_DIR)/TableViewEditDemo.app/TableViewEditDemo";
			};
			name = Debug;
		};
		9EC3DDC01C33DBB600C98419 /* Release */ = {
			isa = XCBuildConfiguration;
			buildSettings = {
				BUNDLE_LOADER = "$(TEST_HOST)";
				INFOPLIST_FILE = TableViewEditDemoTests/Info.plist;
				LD_RUNPATH_SEARCH_PATHS = "$(inherited) @executable_path/Frameworks @loader_path/Frameworks";
				PRODUCT_BUNDLE_IDENTIFIER = Charlotte.TableViewEditDemoTests;
				PRODUCT_NAME = "$(TARGET_NAME)";
				TEST_HOST = "$(BUILT_PRODUCTS_DIR)/TableViewEditDemo.app/TableViewEditDemo";
			};
			name = Release;
		};
		9EC3DDC21C33DBB600C98419 /* Debug */ = {
			isa = XCBuildConfiguration;
			buildSettings = {
				INFOPLIST_FILE = TableViewEditDemoUITests/Info.plist;
				LD_RUNPATH_SEARCH_PATHS = "$(inherited) @executable_path/Frameworks @loader_path/Frameworks";
				PRODUCT_BUNDLE_IDENTIFIER = Charlotte.TableViewEditDemoUITests;
				PRODUCT_NAME = "$(TARGET_NAME)";
				TEST_TARGET_NAME = TableViewEditDemo;
				USES_XCTRUNNER = YES;
			};
			name = Debug;
		};
		9EC3DDC31C33DBB600C98419 /* Release */ = {
			isa = XCBuildConfiguration;
			buildSettings = {
				INFOPLIST_FILE = TableViewEditDemoUITests/Info.plist;
				LD_RUNPATH_SEARCH_PATHS = "$(inherited) @executable_path/Frameworks @loader_path/Frameworks";
				PRODUCT_BUNDLE_IDENTIFIER = Charlotte.TableViewEditDemoUITests;
				PRODUCT_NAME = "$(TARGET_NAME)";
				TEST_TARGET_NAME = TableViewEditDemo;
				USES_XCTRUNNER = YES;
			};
			name = Release;
		};
/* End XCBuildConfiguration section */

/* Begin XCConfigurationList section */
		9EC3DD891C33DBB500C98419 /* Build configuration list for PBXProject "TableViewEditDemo" */ = {
			isa = XCConfigurationList;
			buildConfigurations = (
				9EC3DDB91C33DBB600C98419 /* Debug */,
				9EC3DDBA1C33DBB600C98419 /* Release */,
			);
			defaultConfigurationIsVisible = 0;
			defaultConfigurationName = Release;
		};
		9EC3DDBB1C33DBB600C98419 /* Build configuration list for PBXNativeTarget "TableViewEditDemo" */ = {
			isa = XCConfigurationList;
			buildConfigurations = (
				9EC3DDBC1C33DBB600C98419 /* Debug */,
				9EC3DDBD1C33DBB600C98419 /* Release */,
			);
			defaultConfigurationIsVisible = 0;
			defaultConfigurationName = Release;
		};
		9EC3DDBE1C33DBB600C98419 /* Build configuration list for PBXNativeTarget "TableViewEditDemoTests" */ = {
			isa = XCConfigurationList;
			buildConfigurations = (
				9EC3DDBF1C33DBB600C98419 /* Debug */,
				9EC3DDC01C33DBB600C98419 /* Release */,
			);
			defaultConfigurationIsVisible = 0;
			defaultConfigurationName = Release;
		};
		9EC3DDC11C33DBB600C98419 /* Build configuration list for PBXNativeTarget "TableViewEditDemoUITests" */ = {
			isa = XCConfigurationList;
			buildConfigurations = (
				9EC3DDC21C33DBB600C98419 /* Debug */,
				9EC3DDC31C33DBB600C98419 /* Release */,
			);
			defaultConfigurationIsVisible = 0;
			defaultConfigurationName = Release;
		};
/* End XCConfigurationList section */
	};
	rootObject = 9EC3DD861C33DBB500C98419 /* Project object */;
}
