// !$*UTF8*$!
{
	archiveVersion = 1;
	classes = {
	};
	objectVersion = 56;
	objects = {

/* Begin PBXBuildFile section */
		2B4D33E82C64ABF8002A700A /* AppDelegate.swift in Sources */ = {isa = PBXBuildFile; fileRef = 2B4D33E72C64ABF8002A700A /* AppDelegate.swift */; };
		2B4D33EC2C64ABF8002A700A /* ViewController.swift in Sources */ = {isa = PBXBuildFile; fileRef = 2B4D33EB2C64ABF8002A700A /* ViewController.swift */; };
		2B4D33EF2C64ABF8002A700A /* Base in Resources */ = {isa = PBXBuildFile; fileRef = 2B4D33EE2C64ABF8002A700A /* Base */; };
		2B4D33F12C64ABFA002A700A /* Assets.xcassets in Resources */ = {isa = PBXBuildFile; fileRef = 2B4D33F02C64ABFA002A700A /* Assets.xcassets */; };
		2B4D33F42C64ABFA002A700A /* Base in Resources */ = {isa = PBXBuildFile; fileRef = 2B4D33F32C64ABFA002A700A /* Base */; };
		2B4D33FD2C64AC80002A700A /* PopupView.swift in Sources */ = {isa = PBXBuildFile; fileRef = 2B4D33FC2C64AC80002A700A /* PopupView.swift */; };
		2B4D33FF2C64B550002A700A /* Ex.swift in Sources */ = {isa = PBXBuildFile; fileRef = 2B4D33FE2C64B550002A700A /* Ex.swift */; };
		2B4D34012C64BBCB002A700A /* TableContentView.swift in Sources */ = {isa = PBXBuildFile; fileRef = 2B4D34002C64BBCB002A700A /* TableContentView.swift */; };
/* End PBXBuildFile section */

/* Begin PBXFileReference section */
		2B4D33E42C64ABF8002A700A /* ListSelectAlert.app */ = {isa = PBXFileReference; explicitFileType = wrapper.application; includeInIndex = 0; path = ListSelectAlert.app; sourceTree = BUILT_PRODUCTS_DIR; };
		2B4D33E72C64ABF8002A700A /* AppDelegate.swift */ = {isa = PBXFileReference; lastKnownFileType = sourcecode.swift; path = AppDelegate.swift; sourceTree = "<group>"; };
		2B4D33EB2C64ABF8002A700A /* ViewController.swift */ = {isa = PBXFileReference; lastKnownFileType = sourcecode.swift; path = ViewController.swift; sourceTree = "<group>"; };
		2B4D33EE2C64ABF8002A700A /* Base */ = {isa = PBXFileReference; lastKnownFileType = file.storyboard; name = Base; path = Base.lproj/Main.storyboard; sourceTree = "<group>"; };
		2B4D33F02C64ABFA002A700A /* Assets.xcassets */ = {isa = PBXFileReference; lastKnownFileType = folder.assetcatalog; path = Assets.xcassets; sourceTree = "<group>"; };
		2B4D33F32C64ABFA002A700A /* Base */ = {isa = PBXFileReference; lastKnownFileType = file.storyboard; name = Base; path = Base.lproj/LaunchScreen.storyboard; sourceTree = "<group>"; };
		2B4D33F52C64ABFA002A700A /* Info.plist */ = {isa = PBXFileReference; lastKnownFileType = text.plist.xml; path = Info.plist; sourceTree = "<group>"; };
		2B4D33FC2C64AC80002A700A /* PopupView.swift */ = {isa = PBXFileReference; lastKnownFileType = sourcecode.swift; path = PopupView.swift; sourceTree = "<group>"; };
		2B4D33FE2C64B550002A700A /* Ex.swift */ = {isa = PBXFileReference; fileEncoding = 4; lastKnownFileType = sourcecode.swift; path = Ex.swift; sourceTree = "<group>"; };
		2B4D34002C64BBCB002A700A /* TableContentView.swift */ = {isa = PBXFileReference; lastKnownFileType = sourcecode.swift; path = TableContentView.swift; sourceTree = "<group>"; };
/* End PBXFileReference section */

/* Begin PBXFrameworksBuildPhase section */
		2B4D33E12C64ABF8002A700A /* Frameworks */ = {
			isa = PBXFrameworksBuildPhase;
			buildActionMask = 2147483647;
			files = (
			);
			runOnlyForDeploymentPostprocessing = 0;
		};
/* End PBXFrameworksBuildPhase section */

/* Begin PBXGroup section */
		2B4D33DB2C64ABF8002A700A = {
			isa = PBXGroup;
			children = (
				2B4D33E62C64ABF8002A700A /* ListSelectAlert */,
				2B4D33E52C64ABF8002A700A /* Products */,
			);
			sourceTree = "<group>";
		};
		2B4D33E52C64ABF8002A700A /* Products */ = {
			isa = PBXGroup;
			children = (
				2B4D33E42C64ABF8002A700A /* ListSelectAlert.app */,
			);
			name = Products;
			sourceTree = "<group>";
		};
		2B4D33E62C64ABF8002A700A /* ListSelectAlert */ = {
			isa = PBXGroup;
			children = (
				2B4D33E72C64ABF8002A700A /* AppDelegate.swift */,
				2B4D33EB2C64ABF8002A700A /* ViewController.swift */,
				2B4D33FB2C64AC0B002A700A /* ListSelectAlert */,
				2B4D33ED2C64ABF8002A700A /* Main.storyboard */,
				2B4D33F02C64ABFA002A700A /* Assets.xcassets */,
				2B4D33F22C64ABFA002A700A /* LaunchScreen.storyboard */,
				2B4D33F52C64ABFA002A700A /* Info.plist */,
			);
			path = ListSelectAlert;
			sourceTree = "<group>";
		};
		2B4D33FB2C64AC0B002A700A /* ListSelectAlert */ = {
			isa = PBXGroup;
			children = (
				2B4D33FC2C64AC80002A700A /* PopupView.swift */,
				2B4D34002C64BBCB002A700A /* TableContentView.swift */,
				2B4D33FE2C64B550002A700A /* Ex.swift */,
			);
			path = ListSelectAlert;
			sourceTree = "<group>";
		};
/* End PBXGroup section */

/* Begin PBXNativeTarget section */
		2B4D33E32C64ABF8002A700A /* ListSelectAlert */ = {
			isa = PBXNativeTarget;
			buildConfigurationList = 2B4D33F82C64ABFA002A700A /* Build configuration list for PBXNativeTarget "ListSelectAlert" */;
			buildPhases = (
				2B4D33E02C64ABF8002A700A /* Sources */,
				2B4D33E12C64ABF8002A700A /* Frameworks */,
				2B4D33E22C64ABF8002A700A /* Resources */,
			);
			buildRules = (
			);
			dependencies = (
			);
			name = ListSelectAlert;
			productName = ListSelectAlert;
			productReference = 2B4D33E42C64ABF8002A700A /* ListSelectAlert.app */;
			productType = "com.apple.product-type.application";
		};
/* End PBXNativeTarget section */

/* Begin PBXProject section */
		2B4D33DC2C64ABF8002A700A /* Project object */ = {
			isa = PBXProject;
			attributes = {
				BuildIndependentTargetsInParallel = 1;
				LastSwiftUpdateCheck = 1540;
				LastUpgradeCheck = 1540;
				TargetAttributes = {
					2B4D33E32C64ABF8002A700A = {
						CreatedOnToolsVersion = 15.4;
					};
				};
			};
			buildConfigurationList = 2B4D33DF2C64ABF8002A700A /* Build configuration list for PBXProject "ListSelectAlert" */;
			compatibilityVersion = "Xcode 14.0";
			developmentRegion = en;
			hasScannedForEncodings = 0;
			knownRegions = (
				en,
				Base,
			);
			mainGroup = 2B4D33DB2C64ABF8002A700A;
			productRefGroup = 2B4D33E52C64ABF8002A700A /* Products */;
			projectDirPath = "";
			projectRoot = "";
			targets = (
				2B4D33E32C64ABF8002A700A /* ListSelectAlert */,
			);
		};
/* End PBXProject section */

/* Begin PBXResourcesBuildPhase section */
		2B4D33E22C64ABF8002A700A /* Resources */ = {
			isa = PBXResourcesBuildPhase;
			buildActionMask = 2147483647;
			files = (
				2B4D33F12C64ABFA002A700A /* Assets.xcassets in Resources */,
				2B4D33F42C64ABFA002A700A /* Base in Resources */,
				2B4D33EF2C64ABF8002A700A /* Base in Resources */,
			);
			runOnlyForDeploymentPostprocessing = 0;
		};
/* End PBXResourcesBuildPhase section */

/* Begin PBXSourcesBuildPhase section */
		2B4D33E02C64ABF8002A700A /* Sources */ = {
			isa = PBXSourcesBuildPhase;
			buildActionMask = 2147483647;
			files = (
				2B4D33EC2C64ABF8002A700A /* ViewController.swift in Sources */,
				2B4D33FD2C64AC80002A700A /* PopupView.swift in Sources */,
				2B4D33E82C64ABF8002A700A /* AppDelegate.swift in Sources */,
				2B4D34012C64BBCB002A700A /* TableContentView.swift in Sources */,
				2B4D33FF2C64B550002A700A /* Ex.swift in Sources */,
			);
			runOnlyForDeploymentPostprocessing = 0;
		};
/* End PBXSourcesBuildPhase section */

/* Begin PBXVariantGroup section */
		2B4D33ED2C64ABF8002A700A /* Main.storyboard */ = {
			isa = PBXVariantGroup;
			children = (
				2B4D33EE2C64ABF8002A700A /* Base */,
			);
			name = Main.storyboard;
			sourceTree = "<group>";
		};
		2B4D33F22C64ABFA002A700A /* LaunchScreen.storyboard */ = {
			isa = PBXVariantGroup;
			children = (
				2B4D33F32C64ABFA002A700A /* Base */,
			);
			name = LaunchScreen.storyboard;
			sourceTree = "<group>";
		};
/* End PBXVariantGroup section */

/* Begin XCBuildConfiguration section */
		2B4D33F62C64ABFA002A700A /* Debug */ = {
			isa = XCBuildConfiguration;
			buildSettings = {
				ALWAYS_SEARCH_USER_PATHS = NO;
				ASSETCATALOG_COMPILER_GENERATE_SWIFT_ASSET_SYMBOL_EXTENSIONS = YES;
				CLANG_ANALYZER_NONNULL = YES;
				CLANG_ANALYZER_NUMBER_OBJECT_CONVERSION = YES_AGGRESSIVE;
				CLANG_CXX_LANGUAGE_STANDARD = "gnu++20";
				CLANG_ENABLE_MODULES = YES;
				CLANG_ENABLE_OBJC_ARC = YES;
				CLANG_ENABLE_OBJC_WEAK = YES;
				CLANG_WARN_BLOCK_CAPTURE_AUTORELEASING = YES;
				CLANG_WARN_BOOL_CONVERSION = YES;
				CLANG_WARN_COMMA = YES;
				CLANG_WARN_CONSTANT_CONVERSION = YES;
				CLANG_WARN_DEPRECATED_OBJC_IMPLEMENTATIONS = YES;
				CLANG_WARN_DIRECT_OBJC_ISA_USAGE = YES_ERROR;
				CLANG_WARN_DOCUMENTATION_COMMENTS = YES;
				CLANG_WARN_EMPTY_BODY = YES;
				CLANG_WARN_ENUM_CONVERSION = YES;
				CLANG_WARN_INFINITE_RECURSION = YES;
				CLANG_WARN_INT_CONVERSION = YES;
				CLANG_WARN_NON_LITERAL_NULL_CONVERSION = YES;
				CLANG_WARN_OBJC_IMPLICIT_RETAIN_SELF = YES;
				CLANG_WARN_OBJC_LITERAL_CONVERSION = YES;
				CLANG_WARN_OBJC_ROOT_CLASS = YES_ERROR;
				CLANG_WARN_QUOTED_INCLUDE_IN_FRAMEWORK_HEADER = YES;
				CLANG_WARN_RANGE_LOOP_ANALYSIS = YES;
				CLANG_WARN_STRICT_PROTOTYPES = YES;
				CLANG_WARN_SUSPICIOUS_MOVE = YES;
				CLANG_WARN_UNGUARDED_AVAILABILITY = YES_AGGRESSIVE;
				CLANG_WARN_UNREACHABLE_CODE = YES;
				CLANG_WARN__DUPLICATE_METHOD_MATCH = YES;
				COPY_PHASE_STRIP = NO;
				DEBUG_INFORMATION_FORMAT = dwarf;
				ENABLE_STRICT_OBJC_MSGSEND = YES;
				ENABLE_TESTABILITY = YES;
				ENABLE_USER_SCRIPT_SANDBOXING = YES;
				GCC_C_LANGUAGE_STANDARD = gnu17;
				GCC_DYNAMIC_NO_PIC = NO;
				GCC_NO_COMMON_BLOCKS = YES;
				GCC_OPTIMIZATION_LEVEL = 0;
				GCC_PREPROCESSOR_DEFINITIONS = (
					"DEBUG=1",
					"$(inherited)",
				);
				GCC_WARN_64_TO_32_BIT_CONVERSION = YES;
				GCC_WARN_ABOUT_RETURN_TYPE = YES_ERROR;
				GCC_WARN_UNDECLARED_SELECTOR = YES;
				GCC_WARN_UNINITIALIZED_AUTOS = YES_AGGRESSIVE;
				GCC_WARN_UNUSED_FUNCTION = YES;
				GCC_WARN_UNUSED_VARIABLE = YES;
				IPHONEOS_DEPLOYMENT_TARGET = 17.5;
				LOCALIZATION_PREFERS_STRING_CATALOGS = YES;
				MTL_ENABLE_DEBUG_INFO = INCLUDE_SOURCE;
				MTL_FAST_MATH = YES;
				ONLY_ACTIVE_ARCH = YES;
				SDKROOT = iphoneos;
				SWIFT_ACTIVE_COMPILATION_CONDITIONS = "DEBUG $(inherited)";
				SWIFT_OPTIMIZATION_LEVEL = "-Onone";
			};
			name = Debug;
		};
		2B4D33F72C64ABFA002A700A /* Release */ = {
			isa = XCBuildConfiguration;
			buildSettings = {
				ALWAYS_SEARCH_USER_PATHS = NO;
				ASSETCATALOG_COMPILER_GENERATE_SWIFT_ASSET_SYMBOL_EXTENSIONS = YES;
				CLANG_ANALYZER_NONNULL = YES;
				CLANG_ANALYZER_NUMBER_OBJECT_CONVERSION = YES_AGGRESSIVE;
				CLANG_CXX_LANGUAGE_STANDARD = "gnu++20";
				CLANG_ENABLE_MODULES = YES;
				CLANG_ENABLE_OBJC_ARC = YES;
				CLANG_ENABLE_OBJC_WEAK = YES;
				CLANG_WARN_BLOCK_CAPTURE_AUTORELEASING = YES;
				CLANG_WARN_BOOL_CONVERSION = YES;
				CLANG_WARN_COMMA = YES;
				CLANG_WARN_CONSTANT_CONVERSION = YES;
				CLANG_WARN_DEPRECATED_OBJC_IMPLEMENTATIONS = YES;
				CLANG_WARN_DIRECT_OBJC_ISA_USAGE = YES_ERROR;
				CLANG_WARN_DOCUMENTATION_COMMENTS = YES;
				CLANG_WARN_EMPTY_BODY = YES;
				CLANG_WARN_ENUM_CONVERSION = YES;
				CLANG_WARN_INFINITE_RECURSION = YES;
				CLANG_WARN_INT_CONVERSION = YES;
				CLANG_WARN_NON_LITERAL_NULL_CONVERSION = YES;
				CLANG_WARN_OBJC_IMPLICIT_RETAIN_SELF = YES;
				CLANG_WARN_OBJC_LITERAL_CONVERSION = YES;
				CLANG_WARN_OBJC_ROOT_CLASS = YES_ERROR;
				CLANG_WARN_QUOTED_INCLUDE_IN_FRAMEWORK_HEADER = YES;
				CLANG_WARN_RANGE_LOOP_ANALYSIS = YES;
				CLANG_WARN_STRICT_PROTOTYPES = YES;
				CLANG_WARN_SUSPICIOUS_MOVE = YES;
				CLANG_WARN_UNGUARDED_AVAILABILITY = YES_AGGRESSIVE;
				CLANG_WARN_UNREACHABLE_CODE = YES;
				CLANG_WARN__DUPLICATE_METHOD_MATCH = YES;
				COPY_PHASE_STRIP = NO;
				DEBUG_INFORMATION_FORMAT = "dwarf-with-dsym";
				ENABLE_NS_ASSERTIONS = NO;
				ENABLE_STRICT_OBJC_MSGSEND = YES;
				ENABLE_USER_SCRIPT_SANDBOXING = YES;
				GCC_C_LANGUAGE_STANDARD = gnu17;
				GCC_NO_COMMON_BLOCKS = YES;
				GCC_WARN_64_TO_32_BIT_CONVERSION = YES;
				GCC_WARN_ABOUT_RETURN_TYPE = YES_ERROR;
				GCC_WARN_UNDECLARED_SELECTOR = YES;
				GCC_WARN_UNINITIALIZED_AUTOS = YES_AGGRESSIVE;
				GCC_WARN_UNUSED_FUNCTION = YES;
				GCC_WARN_UNUSED_VARIABLE = YES;
				IPHONEOS_DEPLOYMENT_TARGET = 17.5;
				LOCALIZATION_PREFERS_STRING_CATALOGS = YES;
				MTL_ENABLE_DEBUG_INFO = NO;
				MTL_FAST_MATH = YES;
				SDKROOT = iphoneos;
				SWIFT_COMPILATION_MODE = wholemodule;
				VALIDATE_PRODUCT = YES;
			};
			name = Release;
		};
		2B4D33F92C64ABFA002A700A /* Debug */ = {
			isa = XCBuildConfiguration;
			buildSettings = {
				ASSETCATALOG_COMPILER_APPICON_NAME = AppIcon;
				ASSETCATALOG_COMPILER_GLOBAL_ACCENT_COLOR_NAME = AccentColor;
				CODE_SIGN_STYLE = Automatic;
				CURRENT_PROJECT_VERSION = 1;
				GENERATE_INFOPLIST_FILE = YES;
				INFOPLIST_FILE = ListSelectAlert/Info.plist;
				INFOPLIST_KEY_UIApplicationSupportsIndirectInputEvents = YES;
				INFOPLIST_KEY_UILaunchStoryboardName = LaunchScreen;
				INFOPLIST_KEY_UIMainStoryboardFile = Main;
				INFOPLIST_KEY_UISupportedInterfaceOrientations = UIInterfaceOrientationPortrait;
				IPHONEOS_DEPLOYMENT_TARGET = 11.0;
				LD_RUNPATH_SEARCH_PATHS = (
					"$(inherited)",
					"@executable_path/Frameworks",
				);
				MARKETING_VERSION = 1.0;
				PRODUCT_BUNDLE_IDENTIFIER = com.Charlotte.ListSelectAlert;
				PRODUCT_NAME = "$(TARGET_NAME)";
				SWIFT_EMIT_LOC_STRINGS = YES;
				SWIFT_VERSION = 5.0;
				TARGETED_DEVICE_FAMILY = "1,2";
			};
			name = Debug;
		};
		2B4D33FA2C64ABFA002A700A /* Release */ = {
			isa = XCBuildConfiguration;
			buildSettings = {
				ASSETCATALOG_COMPILER_APPICON_NAME = AppIcon;
				ASSETCATALOG_COMPILER_GLOBAL_ACCENT_COLOR_NAME = AccentColor;
				CODE_SIGN_STYLE = Automatic;
				CURRENT_PROJECT_VERSION = 1;
				GENERATE_INFOPLIST_FILE = YES;
				INFOPLIST_FILE = ListSelectAlert/Info.plist;
				INFOPLIST_KEY_UIApplicationSupportsIndirectInputEvents = YES;
				INFOPLIST_KEY_UILaunchStoryboardName = LaunchScreen;
				INFOPLIST_KEY_UIMainStoryboardFile = Main;
				INFOPLIST_KEY_UISupportedInterfaceOrientations = UIInterfaceOrientationPortrait;
				IPHONEOS_DEPLOYMENT_TARGET = 11.0;
				LD_RUNPATH_SEARCH_PATHS = (
					"$(inherited)",
					"@executable_path/Frameworks",
				);
				MARKETING_VERSION = 1.0;
				PRODUCT_BUNDLE_IDENTIFIER = com.Charlotte.ListSelectAlert;
				PRODUCT_NAME = "$(TARGET_NAME)";
				SWIFT_EMIT_LOC_STRINGS = YES;
				SWIFT_VERSION = 5.0;
				TARGETED_DEVICE_FAMILY = "1,2";
			};
			name = Release;
		};
/* End XCBuildConfiguration section */

/* Begin XCConfigurationList section */
		2B4D33DF2C64ABF8002A700A /* Build configuration list for PBXProject "ListSelectAlert" */ = {
			isa = XCConfigurationList;
			buildConfigurations = (
				2B4D33F62C64ABFA002A700A /* Debug */,
				2B4D33F72C64ABFA002A700A /* Release */,
			);
			defaultConfigurationIsVisible = 0;
			defaultConfigurationName = Release;
		};
		2B4D33F82C64ABFA002A700A /* Build configuration list for PBXNativeTarget "ListSelectAlert" */ = {
			isa = XCConfigurationList;
			buildConfigurations = (
				2B4D33F92C64ABFA002A700A /* Debug */,
				2B4D33FA2C64ABFA002A700A /* Release */,
			);
			defaultConfigurationIsVisible = 0;
			defaultConfigurationName = Release;
		};
/* End XCConfigurationList section */
	};
	rootObject = 2B4D33DC2C64ABF8002A700A /* Project object */;
}
