// !$*UTF8*$!
{
	archiveVersion = 1;
	classes = {
	};
	objectVersion = 50;
	objects = {

/* Begin PBXBuildFile section */
		9EC54DA2212A733D00D22592 /* AppDelegate.swift in Sources */ = {isa = PBXBuildFile; fileRef = 9EC54DA1212A733D00D22592 /* AppDelegate.swift */; };
		9EC54DA4212A733D00D22592 /* ViewController.swift in Sources */ = {isa = PBXBuildFile; fileRef = 9EC54DA3212A733D00D22592 /* ViewController.swift */; };
		9EC54DA7212A733D00D22592 /* Main.storyboard in Resources */ = {isa = PBXBuildFile; fileRef = 9EC54DA5212A733D00D22592 /* Main.storyboard */; };
		9EC54DA9212A733F00D22592 /* Assets.xcassets in Resources */ = {isa = PBXBuildFile; fileRef = 9EC54DA8212A733F00D22592 /* Assets.xcassets */; };
		9EC54DAC212A733F00D22592 /* LaunchScreen.storyboard in Resources */ = {isa = PBXBuildFile; fileRef = 9EC54DAA212A733F00D22592 /* LaunchScreen.storyboard */; };
		9EC54DB7212A733F00D22592 /* SettingTests.swift in Sources */ = {isa = PBXBuildFile; fileRef = 9EC54DB6212A733F00D22592 /* SettingTests.swift */; };
		9EC54DC2212A733F00D22592 /* SettingUITests.swift in Sources */ = {isa = PBXBuildFile; fileRef = 9EC54DC1212A733F00D22592 /* SettingUITests.swift */; };
		9EC54DD0212A735200D22592 /* Settings.bundle in Resources */ = {isa = PBXBuildFile; fileRef = 9EC54DCF212A735200D22592 /* Settings.bundle */; };
/* End PBXBuildFile section */

/* Begin PBXContainerItemProxy section */
		9EC54DB3212A733F00D22592 /* PBXContainerItemProxy */ = {
			isa = PBXContainerItemProxy;
			containerPortal = 9EC54D96212A733D00D22592 /* Project object */;
			proxyType = 1;
			remoteGlobalIDString = 9EC54D9D212A733D00D22592;
			remoteInfo = Setting;
		};
		9EC54DBE212A733F00D22592 /* PBXContainerItemProxy */ = {
			isa = PBXContainerItemProxy;
			containerPortal = 9EC54D96212A733D00D22592 /* Project object */;
			proxyType = 1;
			remoteGlobalIDString = 9EC54D9D212A733D00D22592;
			remoteInfo = Setting;
		};
/* End PBXContainerItemProxy section */

/* Begin PBXFileReference section */
		9EC54D9E212A733D00D22592 /* Setting.app */ = {isa = PBXFileReference; explicitFileType = wrapper.application; includeInIndex = 0; path = Setting.app; sourceTree = BUILT_PRODUCTS_DIR; };
		9EC54DA1212A733D00D22592 /* AppDelegate.swift */ = {isa = PBXFileReference; lastKnownFileType = sourcecode.swift; path = AppDelegate.swift; sourceTree = "<group>"; };
		9EC54DA3212A733D00D22592 /* ViewController.swift */ = {isa = PBXFileReference; lastKnownFileType = sourcecode.swift; path = ViewController.swift; sourceTree = "<group>"; };
		9EC54DA6212A733D00D22592 /* Base */ = {isa = PBXFileReference; lastKnownFileType = file.storyboard; name = Base; path = Base.lproj/Main.storyboard; sourceTree = "<group>"; };
		9EC54DA8212A733F00D22592 /* Assets.xcassets */ = {isa = PBXFileReference; lastKnownFileType = folder.assetcatalog; path = Assets.xcassets; sourceTree = "<group>"; };
		9EC54DAB212A733F00D22592 /* Base */ = {isa = PBXFileReference; lastKnownFileType = file.storyboard; name = Base; path = Base.lproj/LaunchScreen.storyboard; sourceTree = "<group>"; };
		9EC54DAD212A733F00D22592 /* Info.plist */ = {isa = PBXFileReference; lastKnownFileType = text.plist.xml; path = Info.plist; sourceTree = "<group>"; };
		9EC54DB2212A733F00D22592 /* SettingTests.xctest */ = {isa = PBXFileReference; explicitFileType = wrapper.cfbundle; includeInIndex = 0; path = SettingTests.xctest; sourceTree = BUILT_PRODUCTS_DIR; };
		9EC54DB6212A733F00D22592 /* SettingTests.swift */ = {isa = PBXFileReference; lastKnownFileType = sourcecode.swift; path = SettingTests.swift; sourceTree = "<group>"; };
		9EC54DB8212A733F00D22592 /* Info.plist */ = {isa = PBXFileReference; lastKnownFileType = text.plist.xml; path = Info.plist; sourceTree = "<group>"; };
		9EC54DBD212A733F00D22592 /* SettingUITests.xctest */ = {isa = PBXFileReference; explicitFileType = wrapper.cfbundle; includeInIndex = 0; path = SettingUITests.xctest; sourceTree = BUILT_PRODUCTS_DIR; };
		9EC54DC1212A733F00D22592 /* SettingUITests.swift */ = {isa = PBXFileReference; lastKnownFileType = sourcecode.swift; path = SettingUITests.swift; sourceTree = "<group>"; };
		9EC54DC3212A733F00D22592 /* Info.plist */ = {isa = PBXFileReference; lastKnownFileType = text.plist.xml; path = Info.plist; sourceTree = "<group>"; };
		9EC54DCF212A735200D22592 /* Settings.bundle */ = {isa = PBXFileReference; lastKnownFileType = "wrapper.plug-in"; path = Settings.bundle; sourceTree = "<group>"; };
/* End PBXFileReference section */

/* Begin PBXFrameworksBuildPhase section */
		9EC54D9B212A733D00D22592 /* Frameworks */ = {
			isa = PBXFrameworksBuildPhase;
			buildActionMask = 2147483647;
			files = (
			);
			runOnlyForDeploymentPostprocessing = 0;
		};
		9EC54DAF212A733F00D22592 /* Frameworks */ = {
			isa = PBXFrameworksBuildPhase;
			buildActionMask = 2147483647;
			files = (
			);
			runOnlyForDeploymentPostprocessing = 0;
		};
		9EC54DBA212A733F00D22592 /* Frameworks */ = {
			isa = PBXFrameworksBuildPhase;
			buildActionMask = 2147483647;
			files = (
			);
			runOnlyForDeploymentPostprocessing = 0;
		};
/* End PBXFrameworksBuildPhase section */

/* Begin PBXGroup section */
		9EC54D95212A733D00D22592 = {
			isa = PBXGroup;
			children = (
				9EC54DA0212A733D00D22592 /* Setting */,
				9EC54DB5212A733F00D22592 /* SettingTests */,
				9EC54DC0212A733F00D22592 /* SettingUITests */,
				9EC54D9F212A733D00D22592 /* Products */,
			);
			sourceTree = "<group>";
		};
		9EC54D9F212A733D00D22592 /* Products */ = {
			isa = PBXGroup;
			children = (
				9EC54D9E212A733D00D22592 /* Setting.app */,
				9EC54DB2212A733F00D22592 /* SettingTests.xctest */,
				9EC54DBD212A733F00D22592 /* SettingUITests.xctest */,
			);
			name = Products;
			sourceTree = "<group>";
		};
		9EC54DA0212A733D00D22592 /* Setting */ = {
			isa = PBXGroup;
			children = (
				9EC54DA1212A733D00D22592 /* AppDelegate.swift */,
				9EC54DA3212A733D00D22592 /* ViewController.swift */,
				9EC54DCF212A735200D22592 /* Settings.bundle */,
				9EC54DA5212A733D00D22592 /* Main.storyboard */,
				9EC54DA8212A733F00D22592 /* Assets.xcassets */,
				9EC54DAA212A733F00D22592 /* LaunchScreen.storyboard */,
				9EC54DAD212A733F00D22592 /* Info.plist */,
			);
			path = Setting;
			sourceTree = "<group>";
		};
		9EC54DB5212A733F00D22592 /* SettingTests */ = {
			isa = PBXGroup;
			children = (
				9EC54DB6212A733F00D22592 /* SettingTests.swift */,
				9EC54DB8212A733F00D22592 /* Info.plist */,
			);
			path = SettingTests;
			sourceTree = "<group>";
		};
		9EC54DC0212A733F00D22592 /* SettingUITests */ = {
			isa = PBXGroup;
			children = (
				9EC54DC1212A733F00D22592 /* SettingUITests.swift */,
				9EC54DC3212A733F00D22592 /* Info.plist */,
			);
			path = SettingUITests;
			sourceTree = "<group>";
		};
/* End PBXGroup section */

/* Begin PBXNativeTarget section */
		9EC54D9D212A733D00D22592 /* Setting */ = {
			isa = PBXNativeTarget;
			buildConfigurationList = 9EC54DC6212A733F00D22592 /* Build configuration list for PBXNativeTarget "Setting" */;
			buildPhases = (
				9EC54D9A212A733D00D22592 /* Sources */,
				9EC54D9B212A733D00D22592 /* Frameworks */,
				9EC54D9C212A733D00D22592 /* Resources */,
			);
			buildRules = (
			);
			dependencies = (
			);
			name = Setting;
			productName = Setting;
			productReference = 9EC54D9E212A733D00D22592 /* Setting.app */;
			productType = "com.apple.product-type.application";
		};
		9EC54DB1212A733F00D22592 /* SettingTests */ = {
			isa = PBXNativeTarget;
			buildConfigurationList = 9EC54DC9212A733F00D22592 /* Build configuration list for PBXNativeTarget "SettingTests" */;
			buildPhases = (
				9EC54DAE212A733F00D22592 /* Sources */,
				9EC54DAF212A733F00D22592 /* Frameworks */,
				9EC54DB0212A733F00D22592 /* Resources */,
			);
			buildRules = (
			);
			dependencies = (
				9EC54DB4212A733F00D22592 /* PBXTargetDependency */,
			);
			name = SettingTests;
			productName = SettingTests;
			productReference = 9EC54DB2212A733F00D22592 /* SettingTests.xctest */;
			productType = "com.apple.product-type.bundle.unit-test";
		};
		9EC54DBC212A733F00D22592 /* SettingUITests */ = {
			isa = PBXNativeTarget;
			buildConfigurationList = 9EC54DCC212A733F00D22592 /* Build configuration list for PBXNativeTarget "SettingUITests" */;
			buildPhases = (
				9EC54DB9212A733F00D22592 /* Sources */,
				9EC54DBA212A733F00D22592 /* Frameworks */,
				9EC54DBB212A733F00D22592 /* Resources */,
			);
			buildRules = (
			);
			dependencies = (
				9EC54DBF212A733F00D22592 /* PBXTargetDependency */,
			);
			name = SettingUITests;
			productName = SettingUITests;
			productReference = 9EC54DBD212A733F00D22592 /* SettingUITests.xctest */;
			productType = "com.apple.product-type.bundle.ui-testing";
		};
/* End PBXNativeTarget section */

/* Begin PBXProject section */
		9EC54D96212A733D00D22592 /* Project object */ = {
			isa = PBXProject;
			attributes = {
				LastSwiftUpdateCheck = 0940;
				LastUpgradeCheck = 0940;
				ORGANIZATIONNAME = Cloudnapps;
				TargetAttributes = {
					9EC54D9D212A733D00D22592 = {
						CreatedOnToolsVersion = 9.4.1;
					};
					9EC54DB1212A733F00D22592 = {
						CreatedOnToolsVersion = 9.4.1;
						TestTargetID = 9EC54D9D212A733D00D22592;
					};
					9EC54DBC212A733F00D22592 = {
						CreatedOnToolsVersion = 9.4.1;
						TestTargetID = 9EC54D9D212A733D00D22592;
					};
				};
			};
			buildConfigurationList = 9EC54D99212A733D00D22592 /* Build configuration list for PBXProject "Setting" */;
			compatibilityVersion = "Xcode 9.3";
			developmentRegion = en;
			hasScannedForEncodings = 0;
			knownRegions = (
				en,
				Base,
			);
			mainGroup = 9EC54D95212A733D00D22592;
			productRefGroup = 9EC54D9F212A733D00D22592 /* Products */;
			projectDirPath = "";
			projectRoot = "";
			targets = (
				9EC54D9D212A733D00D22592 /* Setting */,
				9EC54DB1212A733F00D22592 /* SettingTests */,
				9EC54DBC212A733F00D22592 /* SettingUITests */,
			);
		};
/* End PBXProject section */

/* Begin PBXResourcesBuildPhase section */
		9EC54D9C212A733D00D22592 /* Resources */ = {
			isa = PBXResourcesBuildPhase;
			buildActionMask = 2147483647;
			files = (
				9EC54DD0212A735200D22592 /* Settings.bundle in Resources */,
				9EC54DAC212A733F00D22592 /* LaunchScreen.storyboard in Resources */,
				9EC54DA9212A733F00D22592 /* Assets.xcassets in Resources */,
				9EC54DA7212A733D00D22592 /* Main.storyboard in Resources */,
			);
			runOnlyForDeploymentPostprocessing = 0;
		};
		9EC54DB0212A733F00D22592 /* Resources */ = {
			isa = PBXResourcesBuildPhase;
			buildActionMask = 2147483647;
			files = (
			);
			runOnlyForDeploymentPostprocessing = 0;
		};
		9EC54DBB212A733F00D22592 /* Resources */ = {
			isa = PBXResourcesBuildPhase;
			buildActionMask = 2147483647;
			files = (
			);
			runOnlyForDeploymentPostprocessing = 0;
		};
/* End PBXResourcesBuildPhase section */

/* Begin PBXSourcesBuildPhase section */
		9EC54D9A212A733D00D22592 /* Sources */ = {
			isa = PBXSourcesBuildPhase;
			buildActionMask = 2147483647;
			files = (
				9EC54DA4212A733D00D22592 /* ViewController.swift in Sources */,
				9EC54DA2212A733D00D22592 /* AppDelegate.swift in Sources */,
			);
			runOnlyForDeploymentPostprocessing = 0;
		};
		9EC54DAE212A733F00D22592 /* Sources */ = {
			isa = PBXSourcesBuildPhase;
			buildActionMask = 2147483647;
			files = (
				9EC54DB7212A733F00D22592 /* SettingTests.swift in Sources */,
			);
			runOnlyForDeploymentPostprocessing = 0;
		};
		9EC54DB9212A733F00D22592 /* Sources */ = {
			isa = PBXSourcesBuildPhase;
			buildActionMask = 2147483647;
			files = (
				9EC54DC2212A733F00D22592 /* SettingUITests.swift in Sources */,
			);
			runOnlyForDeploymentPostprocessing = 0;
		};
/* End PBXSourcesBuildPhase section */

/* Begin PBXTargetDependency section */
		9EC54DB4212A733F00D22592 /* PBXTargetDependency */ = {
			isa = PBXTargetDependency;
			target = 9EC54D9D212A733D00D22592 /* Setting */;
			targetProxy = 9EC54DB3212A733F00D22592 /* PBXContainerItemProxy */;
		};
		9EC54DBF212A733F00D22592 /* PBXTargetDependency */ = {
			isa = PBXTargetDependency;
			target = 9EC54D9D212A733D00D22592 /* Setting */;
			targetProxy = 9EC54DBE212A733F00D22592 /* PBXContainerItemProxy */;
		};
/* End PBXTargetDependency section */

/* Begin PBXVariantGroup section */
		9EC54DA5212A733D00D22592 /* Main.storyboard */ = {
			isa = PBXVariantGroup;
			children = (
				9EC54DA6212A733D00D22592 /* Base */,
			);
			name = Main.storyboard;
			sourceTree = "<group>";
		};
		9EC54DAA212A733F00D22592 /* LaunchScreen.storyboard */ = {
			isa = PBXVariantGroup;
			children = (
				9EC54DAB212A733F00D22592 /* Base */,
			);
			name = LaunchScreen.storyboard;
			sourceTree = "<group>";
		};
/* End PBXVariantGroup section */

/* Begin XCBuildConfiguration section */
		9EC54DC4212A733F00D22592 /* Debug */ = {
			isa = XCBuildConfiguration;
			buildSettings = {
				ALWAYS_SEARCH_USER_PATHS = NO;
				CLANG_ANALYZER_NONNULL = YES;
				CLANG_ANALYZER_NUMBER_OBJECT_CONVERSION = YES_AGGRESSIVE;
				CLANG_CXX_LANGUAGE_STANDARD = "gnu++14";
				CLANG_CXX_LIBRARY = "libc++";
				CLANG_ENABLE_MODULES = YES;
				CLANG_ENABLE_OBJC_ARC = YES;
				CLANG_ENABLE_OBJC_WEAK = YES;
				CLANG_WARN_BLOCK_CAPTURE_AUTORELEASING = YES;
				CLANG_WARN_BOOL_CONVERSION = YES;
				CLANG_WARN_COMMA = YES;
				CLANG_WARN_CONSTANT_CONVERSION = YES;
				CLANG_WARN_DEPRECATED_OBJC_IMPLEMENTATIONS = YES;
				CLANG_WARN_DIRECT_OBJC_ISA_USAGE = YES_ERROR;
				CLANG_WARN_DOCUMENTATION_COMMENTS = YES;
				CLANG_WARN_EMPTY_BODY = YES;
				CLANG_WARN_ENUM_CONVERSION = YES;
				CLANG_WARN_INFINITE_RECURSION = YES;
				CLANG_WARN_INT_CONVERSION = YES;
				CLANG_WARN_NON_LITERAL_NULL_CONVERSION = YES;
				CLANG_WARN_OBJC_IMPLICIT_RETAIN_SELF = YES;
				CLANG_WARN_OBJC_LITERAL_CONVERSION = YES;
				CLANG_WARN_OBJC_ROOT_CLASS = YES_ERROR;
				CLANG_WARN_RANGE_LOOP_ANALYSIS = YES;
				CLANG_WARN_STRICT_PROTOTYPES = YES;
				CLANG_WARN_SUSPICIOUS_MOVE = YES;
				CLANG_WARN_UNGUARDED_AVAILABILITY = YES_AGGRESSIVE;
				CLANG_WARN_UNREACHABLE_CODE = YES;
				CLANG_WARN__DUPLICATE_METHOD_MATCH = YES;
				CODE_SIGN_IDENTITY = "iPhone Developer";
				COPY_PHASE_STRIP = NO;
				DEBUG_INFORMATION_FORMAT = dwarf;
				ENABLE_STRICT_OBJC_MSGSEND = YES;
				ENABLE_TESTABILITY = YES;
				GCC_C_LANGUAGE_STANDARD = gnu11;
				GCC_DYNAMIC_NO_PIC = NO;
				GCC_NO_COMMON_BLOCKS = YES;
				GCC_OPTIMIZATION_LEVEL = 0;
				GCC_PREPROCESSOR_DEFINITIONS = (
					"DEBUG=1",
					"$(inherited)",
				);
				GCC_WARN_64_TO_32_BIT_CONVERSION = YES;
				GCC_WARN_ABOUT_RETURN_TYPE = YES_ERROR;
				GCC_WARN_UNDECLARED_SELECTOR = YES;
				GCC_WARN_UNINITIALIZED_AUTOS = YES_AGGRESSIVE;
				GCC_WARN_UNUSED_FUNCTION = YES;
				GCC_WARN_UNUSED_VARIABLE = YES;
				IPHONEOS_DEPLOYMENT_TARGET = 11.4;
				MTL_ENABLE_DEBUG_INFO = YES;
				ONLY_ACTIVE_ARCH = YES;
				SDKROOT = iphoneos;
				SWIFT_ACTIVE_COMPILATION_CONDITIONS = DEBUG;
				SWIFT_OPTIMIZATION_LEVEL = "-Onone";
			};
			name = Debug;
		};
		9EC54DC5212A733F00D22592 /* Release */ = {
			isa = XCBuildConfiguration;
			buildSettings = {
				ALWAYS_SEARCH_USER_PATHS = NO;
				CLANG_ANALYZER_NONNULL = YES;
				CLANG_ANALYZER_NUMBER_OBJECT_CONVERSION = YES_AGGRESSIVE;
				CLANG_CXX_LANGUAGE_STANDARD = "gnu++14";
				CLANG_CXX_LIBRARY = "libc++";
				CLANG_ENABLE_MODULES = YES;
				CLANG_ENABLE_OBJC_ARC = YES;
				CLANG_ENABLE_OBJC_WEAK = YES;
				CLANG_WARN_BLOCK_CAPTURE_AUTORELEASING = YES;
				CLANG_WARN_BOOL_CONVERSION = YES;
				CLANG_WARN_COMMA = YES;
				CLANG_WARN_CONSTANT_CONVERSION = YES;
				CLANG_WARN_DEPRECATED_OBJC_IMPLEMENTATIONS = YES;
				CLANG_WARN_DIRECT_OBJC_ISA_USAGE = YES_ERROR;
				CLANG_WARN_DOCUMENTATION_COMMENTS = YES;
				CLANG_WARN_EMPTY_BODY = YES;
				CLANG_WARN_ENUM_CONVERSION = YES;
				CLANG_WARN_INFINITE_RECURSION = YES;
				CLANG_WARN_INT_CONVERSION = YES;
				CLANG_WARN_NON_LITERAL_NULL_CONVERSION = YES;
				CLANG_WARN_OBJC_IMPLICIT_RETAIN_SELF = YES;
				CLANG_WARN_OBJC_LITERAL_CONVERSION = YES;
				CLANG_WARN_OBJC_ROOT_CLASS = YES_ERROR;
				CLANG_WARN_RANGE_LOOP_ANALYSIS = YES;
				CLANG_WARN_STRICT_PROTOTYPES = YES;
				CLANG_WARN_SUSPICIOUS_MOVE = YES;
				CLANG_WARN_UNGUARDED_AVAILABILITY = YES_AGGRESSIVE;
				CLANG_WARN_UNREACHABLE_CODE = YES;
				CLANG_WARN__DUPLICATE_METHOD_MATCH = YES;
				CODE_SIGN_IDENTITY = "iPhone Developer";
				COPY_PHASE_STRIP = NO;
				DEBUG_INFORMATION_FORMAT = "dwarf-with-dsym";
				ENABLE_NS_ASSERTIONS = NO;
				ENABLE_STRICT_OBJC_MSGSEND = YES;
				GCC_C_LANGUAGE_STANDARD = gnu11;
				GCC_NO_COMMON_BLOCKS = YES;
				GCC_WARN_64_TO_32_BIT_CONVERSION = YES;
				GCC_WARN_ABOUT_RETURN_TYPE = YES_ERROR;
				GCC_WARN_UNDECLARED_SELECTOR = YES;
				GCC_WARN_UNINITIALIZED_AUTOS = YES_AGGRESSIVE;
				GCC_WARN_UNUSED_FUNCTION = YES;
				GCC_WARN_UNUSED_VARIABLE = YES;
				IPHONEOS_DEPLOYMENT_TARGET = 11.4;
				MTL_ENABLE_DEBUG_INFO = NO;
				SDKROOT = iphoneos;
				SWIFT_COMPILATION_MODE = wholemodule;
				SWIFT_OPTIMIZATION_LEVEL = "-O";
				VALIDATE_PRODUCT = YES;
			};
			name = Release;
		};
		9EC54DC7212A733F00D22592 /* Debug */ = {
			isa = XCBuildConfiguration;
			buildSettings = {
				ASSETCATALOG_COMPILER_APPICON_NAME = AppIcon;
				CODE_SIGN_STYLE = Automatic;
				DEVELOPMENT_TEAM = 4PXQVRX365;
				INFOPLIST_FILE = Setting/Info.plist;
				LD_RUNPATH_SEARCH_PATHS = (
					"$(inherited)",
					"@executable_path/Frameworks",
				);
				PRODUCT_BUNDLE_IDENTIFIER = com.cloudnapps.Setting;
				PRODUCT_NAME = "$(TARGET_NAME)";
				SWIFT_VERSION = 4.0;
				TARGETED_DEVICE_FAMILY = "1,2";
			};
			name = Debug;
		};
		9EC54DC8212A733F00D22592 /* Release */ = {
			isa = XCBuildConfiguration;
			buildSettings = {
				ASSETCATALOG_COMPILER_APPICON_NAME = AppIcon;
				CODE_SIGN_STYLE = Automatic;
				DEVELOPMENT_TEAM = 4PXQVRX365;
				INFOPLIST_FILE = Setting/Info.plist;
				LD_RUNPATH_SEARCH_PATHS = (
					"$(inherited)",
					"@executable_path/Frameworks",
				);
				PRODUCT_BUNDLE_IDENTIFIER = com.cloudnapps.Setting;
				PRODUCT_NAME = "$(TARGET_NAME)";
				SWIFT_VERSION = 4.0;
				TARGETED_DEVICE_FAMILY = "1,2";
			};
			name = Release;
		};
		9EC54DCA212A733F00D22592 /* Debug */ = {
			isa = XCBuildConfiguration;
			buildSettings = {
				ALWAYS_EMBED_SWIFT_STANDARD_LIBRARIES = YES;
				BUNDLE_LOADER = "$(TEST_HOST)";
				CODE_SIGN_STYLE = Automatic;
				DEVELOPMENT_TEAM = 4PXQVRX365;
				INFOPLIST_FILE = SettingTests/Info.plist;
				LD_RUNPATH_SEARCH_PATHS = (
					"$(inherited)",
					"@executable_path/Frameworks",
					"@loader_path/Frameworks",
				);
				PRODUCT_BUNDLE_IDENTIFIER = com.cloudnapps.SettingTests;
				PRODUCT_NAME = "$(TARGET_NAME)";
				SWIFT_VERSION = 4.0;
				TARGETED_DEVICE_FAMILY = "1,2";
				TEST_HOST = "$(BUILT_PRODUCTS_DIR)/Setting.app/Setting";
			};
			name = Debug;
		};
		9EC54DCB212A733F00D22592 /* Release */ = {
			isa = XCBuildConfiguration;
			buildSettings = {
				ALWAYS_EMBED_SWIFT_STANDARD_LIBRARIES = YES;
				BUNDLE_LOADER = "$(TEST_HOST)";
				CODE_SIGN_STYLE = Automatic;
				DEVELOPMENT_TEAM = 4PXQVRX365;
				INFOPLIST_FILE = SettingTests/Info.plist;
				LD_RUNPATH_SEARCH_PATHS = (
					"$(inherited)",
					"@executable_path/Frameworks",
					"@loader_path/Frameworks",
				);
				PRODUCT_BUNDLE_IDENTIFIER = com.cloudnapps.SettingTests;
				PRODUCT_NAME = "$(TARGET_NAME)";
				SWIFT_VERSION = 4.0;
				TARGETED_DEVICE_FAMILY = "1,2";
				TEST_HOST = "$(BUILT_PRODUCTS_DIR)/Setting.app/Setting";
			};
			name = Release;
		};
		9EC54DCD212A733F00D22592 /* Debug */ = {
			isa = XCBuildConfiguration;
			buildSettings = {
				ALWAYS_EMBED_SWIFT_STANDARD_LIBRARIES = YES;
				CODE_SIGN_STYLE = Automatic;
				DEVELOPMENT_TEAM = 4PXQVRX365;
				INFOPLIST_FILE = SettingUITests/Info.plist;
				LD_RUNPATH_SEARCH_PATHS = (
					"$(inherited)",
					"@executable_path/Frameworks",
					"@loader_path/Frameworks",
				);
				PRODUCT_BUNDLE_IDENTIFIER = com.cloudnapps.SettingUITests;
				PRODUCT_NAME = "$(TARGET_NAME)";
				SWIFT_VERSION = 4.0;
				TARGETED_DEVICE_FAMILY = "1,2";
				TEST_TARGET_NAME = Setting;
			};
			name = Debug;
		};
		9EC54DCE212A733F00D22592 /* Release */ = {
			isa = XCBuildConfiguration;
			buildSettings = {
				ALWAYS_EMBED_SWIFT_STANDARD_LIBRARIES = YES;
				CODE_SIGN_STYLE = Automatic;
				DEVELOPMENT_TEAM = 4PXQVRX365;
				INFOPLIST_FILE = SettingUITests/Info.plist;
				LD_RUNPATH_SEARCH_PATHS = (
					"$(inherited)",
					"@executable_path/Frameworks",
					"@loader_path/Frameworks",
				);
				PRODUCT_BUNDLE_IDENTIFIER = com.cloudnapps.SettingUITests;
				PRODUCT_NAME = "$(TARGET_NAME)";
				SWIFT_VERSION = 4.0;
				TARGETED_DEVICE_FAMILY = "1,2";
				TEST_TARGET_NAME = Setting;
			};
			name = Release;
		};
/* End XCBuildConfiguration section */

/* Begin XCConfigurationList section */
		9EC54D99212A733D00D22592 /* Build configuration list for PBXProject "Setting" */ = {
			isa = XCConfigurationList;
			buildConfigurations = (
				9EC54DC4212A733F00D22592 /* Debug */,
				9EC54DC5212A733F00D22592 /* Release */,
			);
			defaultConfigurationIsVisible = 0;
			defaultConfigurationName = Release;
		};
		9EC54DC6212A733F00D22592 /* Build configuration list for PBXNativeTarget "Setting" */ = {
			isa = XCConfigurationList;
			buildConfigurations = (
				9EC54DC7212A733F00D22592 /* Debug */,
				9EC54DC8212A733F00D22592 /* Release */,
			);
			defaultConfigurationIsVisible = 0;
			defaultConfigurationName = Release;
		};
		9EC54DC9212A733F00D22592 /* Build configuration list for PBXNativeTarget "SettingTests" */ = {
			isa = XCConfigurationList;
			buildConfigurations = (
				9EC54DCA212A733F00D22592 /* Debug */,
				9EC54DCB212A733F00D22592 /* Release */,
			);
			defaultConfigurationIsVisible = 0;
			defaultConfigurationName = Release;
		};
		9EC54DCC212A733F00D22592 /* Build configuration list for PBXNativeTarget "SettingUITests" */ = {
			isa = XCConfigurationList;
			buildConfigurations = (
				9EC54DCD212A733F00D22592 /* Debug */,
				9EC54DCE212A733F00D22592 /* Release */,
			);
			defaultConfigurationIsVisible = 0;
			defaultConfigurationName = Release;
		};
/* End XCConfigurationList section */
	};
	rootObject = 9EC54D96212A733D00D22592 /* Project object */;
}
