// !$*UTF8*$!
{
	archiveVersion = 1;
	classes = {
	};
	objectVersion = 60;
	objects = {

/* Begin PBXBuildFile section */
		2B1ADEB92C05E208009C8B0A /* AppDelegate.swift in Sources */ = {isa = PBXBuildFile; fileRef = 2B1ADEB82C05E208009C8B0A /* AppDelegate.swift */; };
		2B1ADEBD2C05E208009C8B0A /* ViewController.swift in Sources */ = {isa = PBXBuildFile; fileRef = 2B1ADEBC2C05E208009C8B0A /* ViewController.swift */; };
		2B1ADEC02C05E208009C8B0A /* Base in Resources */ = {isa = PBXBuildFile; fileRef = 2B1ADEBF2C05E208009C8B0A /* Base */; };
		2B1ADEC22C05E20A009C8B0A /* Assets.xcassets in Resources */ = {isa = PBXBuildFile; fileRef = 2B1ADEC12C05E20A009C8B0A /* Assets.xcassets */; };
		2B1ADEC52C05E20A009C8B0A /* Base in Resources */ = {isa = PBXBuildFile; fileRef = 2B1ADEC42C05E20A009C8B0A /* Base */; };
		2B1ADED02C05E28B009C8B0A /* InputViewController.swift in Sources */ = {isa = PBXBuildFile; fileRef = 2B1ADECE2C05E28B009C8B0A /* InputViewController.swift */; };
		2B1ADED12C05E28B009C8B0A /* PlatformCell.swift in Sources */ = {isa = PBXBuildFile; fileRef = 2B1ADECF2C05E28B009C8B0A /* PlatformCell.swift */; };
		2B1ADED22C05E2C4009C8B0A /* PIC.xcframework in Frameworks */ = {isa = PBXBuildFile; fileRef = 2B1ADECC2C05E232009C8B0A /* PIC.xcframework */; };
		2B1ADED32C05E2C4009C8B0A /* PIC.xcframework in Embed Frameworks */ = {isa = PBXBuildFile; fileRef = 2B1ADECC2C05E232009C8B0A /* PIC.xcframework */; settings = {ATTRIBUTES = (CodeSignOnCopy, RemoveHeadersOnCopy, ); }; };
/* End PBXBuildFile section */

/* Begin PBXCopyFilesBuildPhase section */
		2B1ADED42C05E2C4009C8B0A /* Embed Frameworks */ = {
			isa = PBXCopyFilesBuildPhase;
			buildActionMask = 2147483647;
			dstPath = "";
			dstSubfolderSpec = 10;
			files = (
				2B1ADED32C05E2C4009C8B0A /* PIC.xcframework in Embed Frameworks */,
			);
			name = "Embed Frameworks";
			runOnlyForDeploymentPostprocessing = 0;
		};
/* End PBXCopyFilesBuildPhase section */

/* Begin PBXFileReference section */
		2B1ADEB52C05E208009C8B0A /* PICDemo.app */ = {isa = PBXFileReference; explicitFileType = wrapper.application; includeInIndex = 0; path = PICDemo.app; sourceTree = BUILT_PRODUCTS_DIR; };
		2B1ADEB82C05E208009C8B0A /* AppDelegate.swift */ = {isa = PBXFileReference; lastKnownFileType = sourcecode.swift; path = AppDelegate.swift; sourceTree = "<group>"; };
		2B1ADEBC2C05E208009C8B0A /* ViewController.swift */ = {isa = PBXFileReference; lastKnownFileType = sourcecode.swift; path = ViewController.swift; sourceTree = "<group>"; };
		2B1ADEBF2C05E208009C8B0A /* Base */ = {isa = PBXFileReference; lastKnownFileType = file.storyboard; name = Base; path = Base.lproj/Main.storyboard; sourceTree = "<group>"; };
		2B1ADEC12C05E20A009C8B0A /* Assets.xcassets */ = {isa = PBXFileReference; lastKnownFileType = folder.assetcatalog; path = Assets.xcassets; sourceTree = "<group>"; };
		2B1ADEC42C05E20A009C8B0A /* Base */ = {isa = PBXFileReference; lastKnownFileType = file.storyboard; name = Base; path = Base.lproj/LaunchScreen.storyboard; sourceTree = "<group>"; };
		2B1ADEC62C05E20A009C8B0A /* Info.plist */ = {isa = PBXFileReference; lastKnownFileType = text.plist.xml; path = Info.plist; sourceTree = "<group>"; };
		2B1ADECC2C05E232009C8B0A /* PIC.xcframework */ = {isa = PBXFileReference; expectedSignature = "AppleDeveloperProgram:M29Y8582X5:chunqi liu"; lastKnownFileType = wrapper.xcframework; path = PIC.xcframework; sourceTree = "<group>"; };
		2B1ADECE2C05E28B009C8B0A /* InputViewController.swift */ = {isa = PBXFileReference; fileEncoding = 4; lastKnownFileType = sourcecode.swift; path = InputViewController.swift; sourceTree = "<group>"; };
		2B1ADECF2C05E28B009C8B0A /* PlatformCell.swift */ = {isa = PBXFileReference; fileEncoding = 4; lastKnownFileType = sourcecode.swift; path = PlatformCell.swift; sourceTree = "<group>"; };
/* End PBXFileReference section */

/* Begin PBXFrameworksBuildPhase section */
		2B1ADEB22C05E208009C8B0A /* Frameworks */ = {
			isa = PBXFrameworksBuildPhase;
			buildActionMask = 2147483647;
			files = (
				2B1ADED22C05E2C4009C8B0A /* PIC.xcframework in Frameworks */,
			);
			runOnlyForDeploymentPostprocessing = 0;
		};
/* End PBXFrameworksBuildPhase section */

/* Begin PBXGroup section */
		2B1ADEAC2C05E208009C8B0A = {
			isa = PBXGroup;
			children = (
				2B1ADEB72C05E208009C8B0A /* PICDemo */,
				2B1ADEB62C05E208009C8B0A /* Products */,
			);
			sourceTree = "<group>";
		};
		2B1ADEB62C05E208009C8B0A /* Products */ = {
			isa = PBXGroup;
			children = (
				2B1ADEB52C05E208009C8B0A /* PICDemo.app */,
			);
			name = Products;
			sourceTree = "<group>";
		};
		2B1ADEB72C05E208009C8B0A /* PICDemo */ = {
			isa = PBXGroup;
			children = (
				2B1ADEB82C05E208009C8B0A /* AppDelegate.swift */,
				2B1ADECE2C05E28B009C8B0A /* InputViewController.swift */,
				2B1ADEBC2C05E208009C8B0A /* ViewController.swift */,
				2B1ADECF2C05E28B009C8B0A /* PlatformCell.swift */,
				2B1ADECC2C05E232009C8B0A /* PIC.xcframework */,
				2B1ADEBE2C05E208009C8B0A /* Main.storyboard */,
				2B1ADEC12C05E20A009C8B0A /* Assets.xcassets */,
				2B1ADEC32C05E20A009C8B0A /* LaunchScreen.storyboard */,
				2B1ADEC62C05E20A009C8B0A /* Info.plist */,
			);
			path = PICDemo;
			sourceTree = "<group>";
		};
/* End PBXGroup section */

/* Begin PBXNativeTarget section */
		2B1ADEB42C05E208009C8B0A /* PICDemo */ = {
			isa = PBXNativeTarget;
			buildConfigurationList = 2B1ADEC92C05E20A009C8B0A /* Build configuration list for PBXNativeTarget "PICDemo" */;
			buildPhases = (
				2B1ADEB12C05E208009C8B0A /* Sources */,
				2B1ADEB22C05E208009C8B0A /* Frameworks */,
				2B1ADEB32C05E208009C8B0A /* Resources */,
				2B1ADED42C05E2C4009C8B0A /* Embed Frameworks */,
			);
			buildRules = (
			);
			dependencies = (
			);
			name = PICDemo;
			productName = PICDemo;
			productReference = 2B1ADEB52C05E208009C8B0A /* PICDemo.app */;
			productType = "com.apple.product-type.application";
		};
/* End PBXNativeTarget section */

/* Begin PBXProject section */
		2B1ADEAD2C05E208009C8B0A /* Project object */ = {
			isa = PBXProject;
			attributes = {
				BuildIndependentTargetsInParallel = 1;
				LastSwiftUpdateCheck = 1530;
				LastUpgradeCheck = 1530;
				TargetAttributes = {
					2B1ADEB42C05E208009C8B0A = {
						CreatedOnToolsVersion = 15.3;
					};
				};
			};
			buildConfigurationList = 2B1ADEB02C05E208009C8B0A /* Build configuration list for PBXProject "PICDemo" */;
			compatibilityVersion = "Xcode 14.0";
			developmentRegion = en;
			hasScannedForEncodings = 0;
			knownRegions = (
				en,
				Base,
			);
			mainGroup = 2B1ADEAC2C05E208009C8B0A;
			productRefGroup = 2B1ADEB62C05E208009C8B0A /* Products */;
			projectDirPath = "";
			projectRoot = "";
			targets = (
				2B1ADEB42C05E208009C8B0A /* PICDemo */,
			);
		};
/* End PBXProject section */

/* Begin PBXResourcesBuildPhase section */
		2B1ADEB32C05E208009C8B0A /* Resources */ = {
			isa = PBXResourcesBuildPhase;
			buildActionMask = 2147483647;
			files = (
				2B1ADEC22C05E20A009C8B0A /* Assets.xcassets in Resources */,
				2B1ADEC52C05E20A009C8B0A /* Base in Resources */,
				2B1ADEC02C05E208009C8B0A /* Base in Resources */,
			);
			runOnlyForDeploymentPostprocessing = 0;
		};
/* End PBXResourcesBuildPhase section */

/* Begin PBXSourcesBuildPhase section */
		2B1ADEB12C05E208009C8B0A /* Sources */ = {
			isa = PBXSourcesBuildPhase;
			buildActionMask = 2147483647;
			files = (
				2B1ADED02C05E28B009C8B0A /* InputViewController.swift in Sources */,
				2B1ADEBD2C05E208009C8B0A /* ViewController.swift in Sources */,
				2B1ADED12C05E28B009C8B0A /* PlatformCell.swift in Sources */,
				2B1ADEB92C05E208009C8B0A /* AppDelegate.swift in Sources */,
			);
			runOnlyForDeploymentPostprocessing = 0;
		};
/* End PBXSourcesBuildPhase section */

/* Begin PBXVariantGroup section */
		2B1ADEBE2C05E208009C8B0A /* Main.storyboard */ = {
			isa = PBXVariantGroup;
			children = (
				2B1ADEBF2C05E208009C8B0A /* Base */,
			);
			name = Main.storyboard;
			sourceTree = "<group>";
		};
		2B1ADEC32C05E20A009C8B0A /* LaunchScreen.storyboard */ = {
			isa = PBXVariantGroup;
			children = (
				2B1ADEC42C05E20A009C8B0A /* Base */,
			);
			name = LaunchScreen.storyboard;
			sourceTree = "<group>";
		};
/* End PBXVariantGroup section */

/* Begin XCBuildConfiguration section */
		2B1ADEC72C05E20A009C8B0A /* Debug */ = {
			isa = XCBuildConfiguration;
			buildSettings = {
				ALWAYS_SEARCH_USER_PATHS = NO;
				ASSETCATALOG_COMPILER_GENERATE_SWIFT_ASSET_SYMBOL_EXTENSIONS = YES;
				CLANG_ANALYZER_NONNULL = YES;
				CLANG_ANALYZER_NUMBER_OBJECT_CONVERSION = YES_AGGRESSIVE;
				CLANG_CXX_LANGUAGE_STANDARD = "gnu++20";
				CLANG_ENABLE_MODULES = YES;
				CLANG_ENABLE_OBJC_ARC = YES;
				CLANG_ENABLE_OBJC_WEAK = YES;
				CLANG_WARN_BLOCK_CAPTURE_AUTORELEASING = YES;
				CLANG_WARN_BOOL_CONVERSION = YES;
				CLANG_WARN_COMMA = YES;
				CLANG_WARN_CONSTANT_CONVERSION = YES;
				CLANG_WARN_DEPRECATED_OBJC_IMPLEMENTATIONS = YES;
				CLANG_WARN_DIRECT_OBJC_ISA_USAGE = YES_ERROR;
				CLANG_WARN_DOCUMENTATION_COMMENTS = YES;
				CLANG_WARN_EMPTY_BODY = YES;
				CLANG_WARN_ENUM_CONVERSION = YES;
				CLANG_WARN_INFINITE_RECURSION = YES;
				CLANG_WARN_INT_CONVERSION = YES;
				CLANG_WARN_NON_LITERAL_NULL_CONVERSION = YES;
				CLANG_WARN_OBJC_IMPLICIT_RETAIN_SELF = YES;
				CLANG_WARN_OBJC_LITERAL_CONVERSION = YES;
				CLANG_WARN_OBJC_ROOT_CLASS = YES_ERROR;
				CLANG_WARN_QUOTED_INCLUDE_IN_FRAMEWORK_HEADER = YES;
				CLANG_WARN_RANGE_LOOP_ANALYSIS = YES;
				CLANG_WARN_STRICT_PROTOTYPES = YES;
				CLANG_WARN_SUSPICIOUS_MOVE = YES;
				CLANG_WARN_UNGUARDED_AVAILABILITY = YES_AGGRESSIVE;
				CLANG_WARN_UNREACHABLE_CODE = YES;
				CLANG_WARN__DUPLICATE_METHOD_MATCH = YES;
				COPY_PHASE_STRIP = NO;
				DEBUG_INFORMATION_FORMAT = dwarf;
				ENABLE_STRICT_OBJC_MSGSEND = YES;
				ENABLE_TESTABILITY = YES;
				ENABLE_USER_SCRIPT_SANDBOXING = YES;
				GCC_C_LANGUAGE_STANDARD = gnu17;
				GCC_DYNAMIC_NO_PIC = NO;
				GCC_NO_COMMON_BLOCKS = YES;
				GCC_OPTIMIZATION_LEVEL = 0;
				GCC_PREPROCESSOR_DEFINITIONS = (
					"DEBUG=1",
					"$(inherited)",
				);
				GCC_WARN_64_TO_32_BIT_CONVERSION = YES;
				GCC_WARN_ABOUT_RETURN_TYPE = YES_ERROR;
				GCC_WARN_UNDECLARED_SELECTOR = YES;
				GCC_WARN_UNINITIALIZED_AUTOS = YES_AGGRESSIVE;
				GCC_WARN_UNUSED_FUNCTION = YES;
				GCC_WARN_UNUSED_VARIABLE = YES;
				IPHONEOS_DEPLOYMENT_TARGET = 17.4;
				LOCALIZATION_PREFERS_STRING_CATALOGS = YES;
				MTL_ENABLE_DEBUG_INFO = INCLUDE_SOURCE;
				MTL_FAST_MATH = YES;
				ONLY_ACTIVE_ARCH = YES;
				SDKROOT = iphoneos;
				SWIFT_ACTIVE_COMPILATION_CONDITIONS = "DEBUG $(inherited)";
				SWIFT_OPTIMIZATION_LEVEL = "-Onone";
			};
			name = Debug;
		};
		2B1ADEC82C05E20A009C8B0A /* Release */ = {
			isa = XCBuildConfiguration;
			buildSettings = {
				ALWAYS_SEARCH_USER_PATHS = NO;
				ASSETCATALOG_COMPILER_GENERATE_SWIFT_ASSET_SYMBOL_EXTENSIONS = YES;
				CLANG_ANALYZER_NONNULL = YES;
				CLANG_ANALYZER_NUMBER_OBJECT_CONVERSION = YES_AGGRESSIVE;
				CLANG_CXX_LANGUAGE_STANDARD = "gnu++20";
				CLANG_ENABLE_MODULES = YES;
				CLANG_ENABLE_OBJC_ARC = YES;
				CLANG_ENABLE_OBJC_WEAK = YES;
				CLANG_WARN_BLOCK_CAPTURE_AUTORELEASING = YES;
				CLANG_WARN_BOOL_CONVERSION = YES;
				CLANG_WARN_COMMA = YES;
				CLANG_WARN_CONSTANT_CONVERSION = YES;
				CLANG_WARN_DEPRECATED_OBJC_IMPLEMENTATIONS = YES;
				CLANG_WARN_DIRECT_OBJC_ISA_USAGE = YES_ERROR;
				CLANG_WARN_DOCUMENTATION_COMMENTS = YES;
				CLANG_WARN_EMPTY_BODY = YES;
				CLANG_WARN_ENUM_CONVERSION = YES;
				CLANG_WARN_INFINITE_RECURSION = YES;
				CLANG_WARN_INT_CONVERSION = YES;
				CLANG_WARN_NON_LITERAL_NULL_CONVERSION = YES;
				CLANG_WARN_OBJC_IMPLICIT_RETAIN_SELF = YES;
				CLANG_WARN_OBJC_LITERAL_CONVERSION = YES;
				CLANG_WARN_OBJC_ROOT_CLASS = YES_ERROR;
				CLANG_WARN_QUOTED_INCLUDE_IN_FRAMEWORK_HEADER = YES;
				CLANG_WARN_RANGE_LOOP_ANALYSIS = YES;
				CLANG_WARN_STRICT_PROTOTYPES = YES;
				CLANG_WARN_SUSPICIOUS_MOVE = YES;
				CLANG_WARN_UNGUARDED_AVAILABILITY = YES_AGGRESSIVE;
				CLANG_WARN_UNREACHABLE_CODE = YES;
				CLANG_WARN__DUPLICATE_METHOD_MATCH = YES;
				COPY_PHASE_STRIP = NO;
				DEBUG_INFORMATION_FORMAT = "dwarf-with-dsym";
				ENABLE_NS_ASSERTIONS = NO;
				ENABLE_STRICT_OBJC_MSGSEND = YES;
				ENABLE_USER_SCRIPT_SANDBOXING = YES;
				GCC_C_LANGUAGE_STANDARD = gnu17;
				GCC_NO_COMMON_BLOCKS = YES;
				GCC_WARN_64_TO_32_BIT_CONVERSION = YES;
				GCC_WARN_ABOUT_RETURN_TYPE = YES_ERROR;
				GCC_WARN_UNDECLARED_SELECTOR = YES;
				GCC_WARN_UNINITIALIZED_AUTOS = YES_AGGRESSIVE;
				GCC_WARN_UNUSED_FUNCTION = YES;
				GCC_WARN_UNUSED_VARIABLE = YES;
				IPHONEOS_DEPLOYMENT_TARGET = 17.4;
				LOCALIZATION_PREFERS_STRING_CATALOGS = YES;
				MTL_ENABLE_DEBUG_INFO = NO;
				MTL_FAST_MATH = YES;
				SDKROOT = iphoneos;
				SWIFT_COMPILATION_MODE = wholemodule;
				VALIDATE_PRODUCT = YES;
			};
			name = Release;
		};
		2B1ADECA2C05E20A009C8B0A /* Debug */ = {
			isa = XCBuildConfiguration;
			buildSettings = {
				ASSETCATALOG_COMPILER_APPICON_NAME = AppIcon;
				ASSETCATALOG_COMPILER_GLOBAL_ACCENT_COLOR_NAME = AccentColor;
				CODE_SIGN_STYLE = Automatic;
				CURRENT_PROJECT_VERSION = 1;
				DEVELOPMENT_TEAM = M29Y8582X5;
				GENERATE_INFOPLIST_FILE = YES;
				INFOPLIST_FILE = PICDemo/Info.plist;
				INFOPLIST_KEY_UIApplicationSupportsIndirectInputEvents = YES;
				INFOPLIST_KEY_UILaunchStoryboardName = LaunchScreen;
				INFOPLIST_KEY_UIMainStoryboardFile = Main;
				INFOPLIST_KEY_UISupportedInterfaceOrientations_iPad = "UIInterfaceOrientationPortrait UIInterfaceOrientationPortraitUpsideDown UIInterfaceOrientationLandscapeLeft UIInterfaceOrientationLandscapeRight";
				INFOPLIST_KEY_UISupportedInterfaceOrientations_iPhone = "UIInterfaceOrientationPortrait UIInterfaceOrientationLandscapeLeft UIInterfaceOrientationLandscapeRight";
				IPHONEOS_DEPLOYMENT_TARGET = 11.0;
				LD_RUNPATH_SEARCH_PATHS = (
					"$(inherited)",
					"@executable_path/Frameworks",
				);
				MARKETING_VERSION = 1.0;
				PRODUCT_BUNDLE_IDENTIFIER = com.Charlotte.PICDemo;
				PRODUCT_NAME = "$(TARGET_NAME)";
				SWIFT_EMIT_LOC_STRINGS = YES;
				SWIFT_VERSION = 5.0;
				TARGETED_DEVICE_FAMILY = "1,2";
			};
			name = Debug;
		};
		2B1ADECB2C05E20A009C8B0A /* Release */ = {
			isa = XCBuildConfiguration;
			buildSettings = {
				ASSETCATALOG_COMPILER_APPICON_NAME = AppIcon;
				ASSETCATALOG_COMPILER_GLOBAL_ACCENT_COLOR_NAME = AccentColor;
				CODE_SIGN_STYLE = Automatic;
				CURRENT_PROJECT_VERSION = 1;
				DEVELOPMENT_TEAM = M29Y8582X5;
				GENERATE_INFOPLIST_FILE = YES;
				INFOPLIST_FILE = PICDemo/Info.plist;
				INFOPLIST_KEY_UIApplicationSupportsIndirectInputEvents = YES;
				INFOPLIST_KEY_UILaunchStoryboardName = LaunchScreen;
				INFOPLIST_KEY_UIMainStoryboardFile = Main;
				INFOPLIST_KEY_UISupportedInterfaceOrientations_iPad = "UIInterfaceOrientationPortrait UIInterfaceOrientationPortraitUpsideDown UIInterfaceOrientationLandscapeLeft UIInterfaceOrientationLandscapeRight";
				INFOPLIST_KEY_UISupportedInterfaceOrientations_iPhone = "UIInterfaceOrientationPortrait UIInterfaceOrientationLandscapeLeft UIInterfaceOrientationLandscapeRight";
				IPHONEOS_DEPLOYMENT_TARGET = 11.0;
				LD_RUNPATH_SEARCH_PATHS = (
					"$(inherited)",
					"@executable_path/Frameworks",
				);
				MARKETING_VERSION = 1.0;
				PRODUCT_BUNDLE_IDENTIFIER = com.Charlotte.PICDemo;
				PRODUCT_NAME = "$(TARGET_NAME)";
				SWIFT_EMIT_LOC_STRINGS = YES;
				SWIFT_VERSION = 5.0;
				TARGETED_DEVICE_FAMILY = "1,2";
			};
			name = Release;
		};
/* End XCBuildConfiguration section */

/* Begin XCConfigurationList section */
		2B1ADEB02C05E208009C8B0A /* Build configuration list for PBXProject "PICDemo" */ = {
			isa = XCConfigurationList;
			buildConfigurations = (
				2B1ADEC72C05E20A009C8B0A /* Debug */,
				2B1ADEC82C05E20A009C8B0A /* Release */,
			);
			defaultConfigurationIsVisible = 0;
			defaultConfigurationName = Release;
		};
		2B1ADEC92C05E20A009C8B0A /* Build configuration list for PBXNativeTarget "PICDemo" */ = {
			isa = XCConfigurationList;
			buildConfigurations = (
				2B1ADECA2C05E20A009C8B0A /* Debug */,
				2B1ADECB2C05E20A009C8B0A /* Release */,
			);
			defaultConfigurationIsVisible = 0;
			defaultConfigurationName = Release;
		};
/* End XCConfigurationList section */
	};
	rootObject = 2B1ADEAD2C05E208009C8B0A /* Project object */;
}
